// !$*UTF8*$!
{
	archiveVersion = 1;
	classes = {
	};
	objectVersion = 46;
	objects = {

/* Begin PBXBuildFile section */
		A819AC026A3E592DCB5C4405 /* libPods-SleepNews.a in Frameworks */ = {isa = PBXBuildFile; fileRef = 384A9E9E24D65494BCC5DF91 /* libPods-SleepNews.a */; };
		D30633321DF4336B00929542 /* UIView+Frame.m in Sources */ = {isa = PBXBuildFile; fileRef = D30633311DF4336B00929542 /* UIView+Frame.m */; };
		D309EC0C1DF3BAA900E781F1 /* main.m in Sources */ = {isa = PBXBuildFile; fileRef = D309EC0B1DF3BAA900E781F1 /* main.m */; };
		D309EC111DF3BAA900E781F1 /* Assets.xcassets in Resources */ = {isa = PBXBuildFile; fileRef = D309EC101DF3BAA900E781F1 /* Assets.xcassets */; };
		D309EC141DF3BAA900E781F1 /* LaunchScreen.storyboard in Resources */ = {isa = PBXBuildFile; fileRef = D309EC121DF3BAA900E781F1 /* LaunchScreen.storyboard */; };
		D324698D1DF4421B00DA2919 /* SettingHeaderView.m in Sources */ = {isa = PBXBuildFile; fileRef = D324698C1DF4421B00DA2919 /* SettingHeaderView.m */; };
		D397D7951DF42ED700654798 /* NSString+Extension.m in Sources */ = {isa = PBXBuildFile; fileRef = D397D75A1DF42ED700654798 /* NSString+Extension.m */; };
		D397D7961DF42ED700654798 /* UIBarButtonItem+gyh.m in Sources */ = {isa = PBXBuildFile; fileRef = D397D75C1DF42ED700654798 /* UIBarButtonItem+gyh.m */; };
		D397D7971DF42ED700654798 /* UIColor+Extension.m in Sources */ = {isa = PBXBuildFile; fileRef = D397D75E1DF42ED700654798 /* UIColor+Extension.m */; };
		D397D7981DF42ED700654798 /* BaseSettingViewController.m in Sources */ = {isa = PBXBuildFile; fileRef = D397D7621DF42ED700654798 /* BaseSettingViewController.m */; };
		D397D7991DF42ED700654798 /* ThemeManager.m in Sources */ = {isa = PBXBuildFile; fileRef = D397D7641DF42ED700654798 /* ThemeManager.m */; };
		D397D79A1DF42ED700654798 /* AppDelegate.m in Sources */ = {isa = PBXBuildFile; fileRef = D397D7691DF42ED700654798 /* AppDelegate.m */; };
		D397D79B1DF42ED700654798 /* BaseViewController.m in Sources */ = {isa = PBXBuildFile; fileRef = D397D76B1DF42ED700654798 /* BaseViewController.m */; };
		D397D79C1DF42ED700654798 /* NavigationController.m in Sources */ = {isa = PBXBuildFile; fileRef = D397D76D1DF42ED700654798 /* NavigationController.m */; };
		D397D79D1DF42ED700654798 /* TabbarViewController.m in Sources */ = {isa = PBXBuildFile; fileRef = D397D76F1DF42ED700654798 /* TabbarViewController.m */; };
		D397D79E1DF42ED700654798 /* TabbarButton.m in Sources */ = {isa = PBXBuildFile; fileRef = D397D7721DF42ED700654798 /* TabbarButton.m */; };
		D397D79F1DF42ED700654798 /* TabbarView.m in Sources */ = {isa = PBXBuildFile; fileRef = D397D7751DF42ED700654798 /* TabbarView.m */; };
		D397D7A01DF42ED700654798 /* MeViewController.m in Sources */ = {isa = PBXBuildFile; fileRef = D397D7791DF42ED700654798 /* MeViewController.m */; };
		D397D7A11DF42ED700654798 /* SCNavTabBarController.m in Sources */ = {isa = PBXBuildFile; fileRef = D397D7841DF42ED700654798 /* SCNavTabBarController.m */; };
		D397D7A21DF42ED700654798 /* PhotoViewController.m in Sources */ = {isa = PBXBuildFile; fileRef = D397D78A1DF42ED700654798 /* PhotoViewController.m */; };
		D397D7A31DF42ED700654798 /* VideoViewController.m in Sources */ = {isa = PBXBuildFile; fileRef = D397D7921DF42ED700654798 /* VideoViewController.m */; };
/* End PBXBuildFile section */

/* Begin PBXFileReference section */
		384A9E9E24D65494BCC5DF91 /* libPods-SleepNews.a */ = {isa = PBXFileReference; explicitFileType = archive.ar; includeInIndex = 0; path = "libPods-SleepNews.a"; sourceTree = BUILT_PRODUCTS_DIR; };
		484B7B554202D1B0550C1847 /* Pods-SleepNews.debug.xcconfig */ = {isa = PBXFileReference; includeInIndex = 1; lastKnownFileType = text.xcconfig; name = "Pods-SleepNews.debug.xcconfig"; path = "Pods/Target Support Files/Pods-SleepNews/Pods-SleepNews.debug.xcconfig"; sourceTree = "<group>"; };
		A4AE1272616C2EBBCD9CB4FE /* Pods-SleepNews.release.xcconfig */ = {isa = PBXFileReference; includeInIndex = 1; lastKnownFileType = text.xcconfig; name = "Pods-SleepNews.release.xcconfig"; path = "Pods/Target Support Files/Pods-SleepNews/Pods-SleepNews.release.xcconfig"; sourceTree = "<group>"; };
		D30633301DF4336B00929542 /* UIView+Frame.h */ = {isa = PBXFileReference; fileEncoding = 4; lastKnownFileType = sourcecode.c.h; path = "UIView+Frame.h"; sourceTree = "<group>"; };
		D30633311DF4336B00929542 /* UIView+Frame.m */ = {isa = PBXFileReference; fileEncoding = 4; lastKnownFileType = sourcecode.c.objc; path = "UIView+Frame.m"; sourceTree = "<group>"; };
		D309EC071DF3BAA800E781F1 /* SleepNews.app */ = {isa = PBXFileReference; explicitFileType = wrapper.application; includeInIndex = 0; path = SleepNews.app; sourceTree = BUILT_PRODUCTS_DIR; };
		D309EC0B1DF3BAA900E781F1 /* main.m */ = {isa = PBXFileReference; lastKnownFileType = sourcecode.c.objc; path = main.m; sourceTree = "<group>"; };
		D309EC101DF3BAA900E781F1 /* Assets.xcassets */ = {isa = PBXFileReference; lastKnownFileType = folder.assetcatalog; path = Assets.xcassets; sourceTree = "<group>"; };
		D309EC131DF3BAA900E781F1 /* Base */ = {isa = PBXFileReference; lastKnownFileType = file.storyboard; name = Base; path = Base.lproj/LaunchScreen.storyboard; sourceTree = "<group>"; };
		D309EC151DF3BAA900E781F1 /* Info.plist */ = {isa = PBXFileReference; lastKnownFileType = text.plist.xml; path = Info.plist; sourceTree = "<group>"; };
		D324698B1DF4421B00DA2919 /* SettingHeaderView.h */ = {isa = PBXFileReference; fileEncoding = 4; lastKnownFileType = sourcecode.c.h; path = SettingHeaderView.h; sourceTree = "<group>"; };
		D324698C1DF4421B00DA2919 /* SettingHeaderView.m */ = {isa = PBXFileReference; fileEncoding = 4; lastKnownFileType = sourcecode.c.objc; path = SettingHeaderView.m; sourceTree = "<group>"; };
		D397D7591DF42ED700654798 /* NSString+Extension.h */ = {isa = PBXFileReference; fileEncoding = 4; lastKnownFileType = sourcecode.c.h; path = "NSString+Extension.h"; sourceTree = "<group>"; };
		D397D75A1DF42ED700654798 /* NSString+Extension.m */ = {isa = PBXFileReference; fileEncoding = 4; lastKnownFileType = sourcecode.c.objc; path = "NSString+Extension.m"; sourceTree = "<group>"; };
		D397D75B1DF42ED700654798 /* UIBarButtonItem+gyh.h */ = {isa = PBXFileReference; fileEncoding = 4; lastKnownFileType = sourcecode.c.h; path = "UIBarButtonItem+gyh.h"; sourceTree = "<group>"; };
		D397D75C1DF42ED700654798 /* UIBarButtonItem+gyh.m */ = {isa = PBXFileReference; fileEncoding = 4; lastKnownFileType = sourcecode.c.objc; path = "UIBarButtonItem+gyh.m"; sourceTree = "<group>"; };
		D397D75D1DF42ED700654798 /* UIColor+Extension.h */ = {isa = PBXFileReference; fileEncoding = 4; lastKnownFileType = sourcecode.c.h; path = "UIColor+Extension.h"; sourceTree = "<group>"; };
		D397D75E1DF42ED700654798 /* UIColor+Extension.m */ = {isa = PBXFileReference; fileEncoding = 4; lastKnownFileType = sourcecode.c.objc; path = "UIColor+Extension.m"; sourceTree = "<group>"; };
		D397D7611DF42ED700654798 /* BaseSettingViewController.h */ = {isa = PBXFileReference; fileEncoding = 4; lastKnownFileType = sourcecode.c.h; path = BaseSettingViewController.h; sourceTree = "<group>"; };
		D397D7621DF42ED700654798 /* BaseSettingViewController.m */ = {isa = PBXFileReference; fileEncoding = 4; lastKnownFileType = sourcecode.c.objc; path = BaseSettingViewController.m; sourceTree = "<group>"; };
		D397D7631DF42ED700654798 /* ThemeManager.h */ = {isa = PBXFileReference; fileEncoding = 4; lastKnownFileType = sourcecode.c.h; path = ThemeManager.h; sourceTree = "<group>"; };
		D397D7641DF42ED700654798 /* ThemeManager.m */ = {isa = PBXFileReference; fileEncoding = 4; lastKnownFileType = sourcecode.c.objc; path = ThemeManager.m; sourceTree = "<group>"; };
		D397D7681DF42ED700654798 /* AppDelegate.h */ = {isa = PBXFileReference; fileEncoding = 4; lastKnownFileType = sourcecode.c.h; path = AppDelegate.h; sourceTree = "<group>"; };
		D397D7691DF42ED700654798 /* AppDelegate.m */ = {isa = PBXFileReference; fileEncoding = 4; lastKnownFileType = sourcecode.c.objc; path = AppDelegate.m; sourceTree = "<group>"; };
		D397D76A1DF42ED700654798 /* BaseViewController.h */ = {isa = PBXFileReference; fileEncoding = 4; lastKnownFileType = sourcecode.c.h; path = BaseViewController.h; sourceTree = "<group>"; };
		D397D76B1DF42ED700654798 /* BaseViewController.m */ = {isa = PBXFileReference; fileEncoding = 4; lastKnownFileType = sourcecode.c.objc; path = BaseViewController.m; sourceTree = "<group>"; };
		D397D76C1DF42ED700654798 /* NavigationController.h */ = {isa = PBXFileReference; fileEncoding = 4; lastKnownFileType = sourcecode.c.h; path = NavigationController.h; sourceTree = "<group>"; };
		D397D76D1DF42ED700654798 /* NavigationController.m */ = {isa = PBXFileReference; fileEncoding = 4; lastKnownFileType = sourcecode.c.objc; path = NavigationController.m; sourceTree = "<group>"; };
		D397D76E1DF42ED700654798 /* TabbarViewController.h */ = {isa = PBXFileReference; fileEncoding = 4; lastKnownFileType = sourcecode.c.h; path = TabbarViewController.h; sourceTree = "<group>"; };
		D397D76F1DF42ED700654798 /* TabbarViewController.m */ = {isa = PBXFileReference; fileEncoding = 4; lastKnownFileType = sourcecode.c.objc; path = TabbarViewController.m; sourceTree = "<group>"; };
		D397D7711DF42ED700654798 /* TabbarButton.h */ = {isa = PBXFileReference; fileEncoding = 4; lastKnownFileType = sourcecode.c.h; path = TabbarButton.h; sourceTree = "<group>"; };
		D397D7721DF42ED700654798 /* TabbarButton.m */ = {isa = PBXFileReference; fileEncoding = 4; lastKnownFileType = sourcecode.c.objc; path = TabbarButton.m; sourceTree = "<group>"; };
		D397D7741DF42ED700654798 /* TabbarView.h */ = {isa = PBXFileReference; fileEncoding = 4; lastKnownFileType = sourcecode.c.h; path = TabbarView.h; sourceTree = "<group>"; };
		D397D7751DF42ED700654798 /* TabbarView.m */ = {isa = PBXFileReference; fileEncoding = 4; lastKnownFileType = sourcecode.c.objc; path = TabbarView.m; sourceTree = "<group>"; };
		D397D7781DF42ED700654798 /* MeViewController.h */ = {isa = PBXFileReference; fileEncoding = 4; lastKnownFileType = sourcecode.c.h; path = MeViewController.h; sourceTree = "<group>"; };
		D397D7791DF42ED700654798 /* MeViewController.m */ = {isa = PBXFileReference; fileEncoding = 4; lastKnownFileType = sourcecode.c.objc; path = MeViewController.m; sourceTree = "<group>"; };
		D397D7831DF42ED700654798 /* SCNavTabBarController.h */ = {isa = PBXFileReference; fileEncoding = 4; lastKnownFileType = sourcecode.c.h; path = SCNavTabBarController.h; sourceTree = "<group>"; };
		D397D7841DF42ED700654798 /* SCNavTabBarController.m */ = {isa = PBXFileReference; fileEncoding = 4; lastKnownFileType = sourcecode.c.objc; path = SCNavTabBarController.m; sourceTree = "<group>"; };
		D397D7891DF42ED700654798 /* PhotoViewController.h */ = {isa = PBXFileReference; fileEncoding = 4; lastKnownFileType = sourcecode.c.h; path = PhotoViewController.h; sourceTree = "<group>"; };
		D397D78A1DF42ED700654798 /* PhotoViewController.m */ = {isa = PBXFileReference; fileEncoding = 4; lastKnownFileType = sourcecode.c.objc; path = PhotoViewController.m; sourceTree = "<group>"; };
		D397D78E1DF42ED700654798 /* PrefixHeader.pch */ = {isa = PBXFileReference; fileEncoding = 4; lastKnownFileType = sourcecode.c.h; path = PrefixHeader.pch; sourceTree = "<group>"; };
		D397D7911DF42ED700654798 /* VideoViewController.h */ = {isa = PBXFileReference; fileEncoding = 4; lastKnownFileType = sourcecode.c.h; path = VideoViewController.h; sourceTree = "<group>"; };
		D397D7921DF42ED700654798 /* VideoViewController.m */ = {isa = PBXFileReference; fileEncoding = 4; lastKnownFileType = sourcecode.c.objc; path = VideoViewController.m; sourceTree = "<group>"; };
/* End PBXFileReference section */

/* Begin PBXFrameworksBuildPhase section */
		D309EC041DF3BAA800E781F1 /* Frameworks */ = {
			isa = PBXFrameworksBuildPhase;
			buildActionMask = 2147483647;
			files = (
				A819AC026A3E592DCB5C4405 /* libPods-SleepNews.a in Frameworks */,
			);
			runOnlyForDeploymentPostprocessing = 0;
		};
/* End PBXFrameworksBuildPhase section */

/* Begin PBXGroup section */
		7D1EFB3EF0DA46603B8C310A /* Pods */ = {
			isa = PBXGroup;
			children = (
				484B7B554202D1B0550C1847 /* Pods-SleepNews.debug.xcconfig */,
				A4AE1272616C2EBBCD9CB4FE /* Pods-SleepNews.release.xcconfig */,
			);
			name = Pods;
			sourceTree = "<group>";
		};
		C79488D0A4D9621B7A8E932C /* Frameworks */ = {
			isa = PBXGroup;
			children = (
				384A9E9E24D65494BCC5DF91 /* libPods-SleepNews.a */,
			);
			name = Frameworks;
			sourceTree = "<group>";
		};
		D30633081DF4326000929542 /* 聊天 */ = {
			isa = PBXGroup;
			children = (
			);
			path = "聊天";
			sourceTree = "<group>";
		};
		D309EBFE1DF3BAA800E781F1 = {
			isa = PBXGroup;
			children = (
				D309EC091DF3BAA800E781F1 /* SleepNews */,
				D309EC081DF3BAA800E781F1 /* Products */,
				7D1EFB3EF0DA46603B8C310A /* Pods */,
				C79488D0A4D9621B7A8E932C /* Frameworks */,
			);
			sourceTree = "<group>";
		};
		D309EC081DF3BAA800E781F1 /* Products */ = {
			isa = PBXGroup;
			children = (
				D309EC071DF3BAA800E781F1 /* SleepNews.app */,
			);
			name = Products;
			sourceTree = "<group>";
		};
		D309EC091DF3BAA800E781F1 /* SleepNews */ = {
			isa = PBXGroup;
			children = (
				D397D7561DF42ED700654798 /* Class */,
				D309EC101DF3BAA900E781F1 /* Assets.xcassets */,
				D309EC121DF3BAA900E781F1 /* LaunchScreen.storyboard */,
				D309EC151DF3BAA900E781F1 /* Info.plist */,
				D309EC0A1DF3BAA800E781F1 /* Supporting Files */,
			);
			path = SleepNews;
			sourceTree = "<group>";
		};
		D309EC0A1DF3BAA800E781F1 /* Supporting Files */ = {
			isa = PBXGroup;
			children = (
				D309EC0B1DF3BAA900E781F1 /* main.m */,
			);
			name = "Supporting Files";
			sourceTree = "<group>";
		};
		D397D7561DF42ED700654798 /* Class */ = {
			isa = PBXGroup;
			children = (
				D397D7571DF42ED700654798 /* CustomTools */,
				D397D7651DF42ED700654798 /* Lib */,
				D397D7661DF42ED700654798 /* Main */,
				D397D7761DF42ED700654798 /* Me */,
				D397D77C1DF42ED700654798 /* News */,
				D397D7871DF42ED700654798 /* Photo */,
				D397D78D1DF42ED700654798 /* Supports */,
				D397D78F1DF42ED700654798 /* Video */,
			);
			path = Class;
			sourceTree = "<group>";
		};
		D397D7571DF42ED700654798 /* CustomTools */ = {
			isa = PBXGroup;
			children = (
				D397D7581DF42ED700654798 /* Category */,
				D397D75F1DF42ED700654798 /* DataBase */,
				D397D7601DF42ED700654798 /* 主题 */,
			);
			path = CustomTools;
			sourceTree = "<group>";
		};
		D397D7581DF42ED700654798 /* Category */ = {
			isa = PBXGroup;
			children = (
				D30633301DF4336B00929542 /* UIView+Frame.h */,
				D30633311DF4336B00929542 /* UIView+Frame.m */,
				D397D7591DF42ED700654798 /* NSString+Extension.h */,
				D397D75A1DF42ED700654798 /* NSString+Extension.m */,
				D397D75B1DF42ED700654798 /* UIBarButtonItem+gyh.h */,
				D397D75C1DF42ED700654798 /* UIBarButtonItem+gyh.m */,
				D397D75D1DF42ED700654798 /* UIColor+Extension.h */,
				D397D75E1DF42ED700654798 /* UIColor+Extension.m */,
			);
			path = Category;
			sourceTree = "<group>";
		};
		D397D75F1DF42ED700654798 /* DataBase */ = {
			isa = PBXGroup;
			children = (
			);
			path = DataBase;
			sourceTree = "<group>";
		};
		D397D7601DF42ED700654798 /* 主题 */ = {
			isa = PBXGroup;
			children = (
				D397D7611DF42ED700654798 /* BaseSettingViewController.h */,
				D397D7621DF42ED700654798 /* BaseSettingViewController.m */,
				D397D7631DF42ED700654798 /* ThemeManager.h */,
				D397D7641DF42ED700654798 /* ThemeManager.m */,
			);
			path = "主题";
			sourceTree = "<group>";
		};
		D397D7651DF42ED700654798 /* Lib */ = {
			isa = PBXGroup;
			children = (
			);
			path = Lib;
			sourceTree = "<group>";
		};
		D397D7661DF42ED700654798 /* Main */ = {
			isa = PBXGroup;
			children = (
				D397D7671DF42ED700654798 /* Controller */,
				D397D7701DF42ED700654798 /* Model */,
				D397D7731DF42ED700654798 /* View */,
			);
			path = Main;
			sourceTree = "<group>";
		};
		D397D7671DF42ED700654798 /* Controller */ = {
			isa = PBXGroup;
			children = (
				D397D7681DF42ED700654798 /* AppDelegate.h */,
				D397D7691DF42ED700654798 /* AppDelegate.m */,
				D397D76A1DF42ED700654798 /* BaseViewController.h */,
				D397D76B1DF42ED700654798 /* BaseViewController.m */,
				D397D76C1DF42ED700654798 /* NavigationController.h */,
				D397D76D1DF42ED700654798 /* NavigationController.m */,
				D397D76E1DF42ED700654798 /* TabbarViewController.h */,
				D397D76F1DF42ED700654798 /* TabbarViewController.m */,
			);
			path = Controller;
			sourceTree = "<group>";
		};
		D397D7701DF42ED700654798 /* Model */ = {
			isa = PBXGroup;
			children = (
				D397D7711DF42ED700654798 /* TabbarButton.h */,
				D397D7721DF42ED700654798 /* TabbarButton.m */,
			);
			path = Model;
			sourceTree = "<group>";
		};
		D397D7731DF42ED700654798 /* View */ = {
			isa = PBXGroup;
			children = (
				D397D7741DF42ED700654798 /* TabbarView.h */,
				D397D7751DF42ED700654798 /* TabbarView.m */,
			);
			path = View;
			sourceTree = "<group>";
		};
		D397D7761DF42ED700654798 /* Me */ = {
			isa = PBXGroup;
			children = (
				D397D7771DF42ED700654798 /* Controller */,
				D397D77A1DF42ED700654798 /* Model */,
				D397D77B1DF42ED700654798 /* View */,
			);
			path = Me;
			sourceTree = "<group>";
		};
		D397D7771DF42ED700654798 /* Controller */ = {
			isa = PBXGroup;
			children = (
				D397D7781DF42ED700654798 /* MeViewController.h */,
				D397D7791DF42ED700654798 /* MeViewController.m */,
			);
			path = Controller;
			sourceTree = "<group>";
		};
		D397D77A1DF42ED700654798 /* Model */ = {
			isa = PBXGroup;
			children = (
			);
			path = Model;
			sourceTree = "<group>";
		};
		D397D77B1DF42ED700654798 /* View */ = {
			isa = PBXGroup;
			children = (
				D30633081DF4326000929542 /* 聊天 */,
				D324698B1DF4421B00DA2919 /* SettingHeaderView.h */,
				D324698C1DF4421B00DA2919 /* SettingHeaderView.m */,
			);
			path = View;
			sourceTree = "<group>";
		};
		D397D77C1DF42ED700654798 /* News */ = {
			isa = PBXGroup;
			children = (
				D397D77D1DF42ED700654798 /* weather */,
				D397D7811DF42ED700654798 /* 首页 */,
			);
			path = News;
			sourceTree = "<group>";
		};
		D397D77D1DF42ED700654798 /* weather */ = {
			isa = PBXGroup;
			children = (
				D397D77E1DF42ED700654798 /* Controller */,
				D397D77F1DF42ED700654798 /* Model */,
				D397D7801DF42ED700654798 /* View */,
			);
			path = weather;
			sourceTree = "<group>";
		};
		D397D77E1DF42ED700654798 /* Controller */ = {
			isa = PBXGroup;
			children = (
			);
			path = Controller;
			sourceTree = "<group>";
		};
		D397D77F1DF42ED700654798 /* Model */ = {
			isa = PBXGroup;
			children = (
			);
			path = Model;
			sourceTree = "<group>";
		};
		D397D7801DF42ED700654798 /* View */ = {
			isa = PBXGroup;
			children = (
			);
			path = View;
			sourceTree = "<group>";
		};
		D397D7811DF42ED700654798 /* 首页 */ = {
			isa = PBXGroup;
			children = (
				D397D7821DF42ED700654798 /* Controller */,
				D397D7851DF42ED700654798 /* Model */,
				D397D7861DF42ED700654798 /* View */,
			);
			path = "首页";
			sourceTree = "<group>";
		};
		D397D7821DF42ED700654798 /* Controller */ = {
			isa = PBXGroup;
			children = (
				D397D7831DF42ED700654798 /* SCNavTabBarController.h */,
				D397D7841DF42ED700654798 /* SCNavTabBarController.m */,
			);
			path = Controller;
			sourceTree = "<group>";
		};
		D397D7851DF42ED700654798 /* Model */ = {
			isa = PBXGroup;
			children = (
			);
			path = Model;
			sourceTree = "<group>";
		};
		D397D7861DF42ED700654798 /* View */ = {
			isa = PBXGroup;
			children = (
			);
			path = View;
			sourceTree = "<group>";
		};
		D397D7871DF42ED700654798 /* Photo */ = {
			isa = PBXGroup;
			children = (
				D397D7881DF42ED700654798 /* Controller */,
				D397D78B1DF42ED700654798 /* Model */,
				D397D78C1DF42ED700654798 /* View */,
			);
			path = Photo;
			sourceTree = "<group>";
		};
		D397D7881DF42ED700654798 /* Controller */ = {
			isa = PBXGroup;
			children = (
				D397D7891DF42ED700654798 /* PhotoViewController.h */,
				D397D78A1DF42ED700654798 /* PhotoViewController.m */,
			);
			path = Controller;
			sourceTree = "<group>";
		};
		D397D78B1DF42ED700654798 /* Model */ = {
			isa = PBXGroup;
			children = (
			);
			path = Model;
			sourceTree = "<group>";
		};
		D397D78C1DF42ED700654798 /* View */ = {
			isa = PBXGroup;
			children = (
			);
			path = View;
			sourceTree = "<group>";
		};
		D397D78D1DF42ED700654798 /* Supports */ = {
			isa = PBXGroup;
			children = (
				D397D78E1DF42ED700654798 /* PrefixHeader.pch */,
			);
			path = Supports;
			sourceTree = "<group>";
		};
		D397D78F1DF42ED700654798 /* Video */ = {
			isa = PBXGroup;
			children = (
				D397D7901DF42ED700654798 /* Controller */,
				D397D7931DF42ED700654798 /* Model */,
				D397D7941DF42ED700654798 /* View */,
			);
			path = Video;
			sourceTree = "<group>";
		};
		D397D7901DF42ED700654798 /* Controller */ = {
			isa = PBXGroup;
			children = (
				D397D7911DF42ED700654798 /* VideoViewController.h */,
				D397D7921DF42ED700654798 /* VideoViewController.m */,
			);
			path = Controller;
			sourceTree = "<group>";
		};
		D397D7931DF42ED700654798 /* Model */ = {
			isa = PBXGroup;
			children = (
			);
			path = Model;
			sourceTree = "<group>";
		};
		D397D7941DF42ED700654798 /* View */ = {
			isa = PBXGroup;
			children = (
			);
			path = View;
			sourceTree = "<group>";
		};
/* End PBXGroup section */

/* Begin PBXNativeTarget section */
		D309EC061DF3BAA800E781F1 /* SleepNews */ = {
			isa = PBXNativeTarget;
			buildConfigurationList = D309EC181DF3BAA900E781F1 /* Build configuration list for PBXNativeTarget "SleepNews" */;
			buildPhases = (
				5102A5A2189AB72CBBD3CCD7 /* [CP] Check Pods Manifest.lock */,
				D309EC031DF3BAA800E781F1 /* Sources */,
				D309EC041DF3BAA800E781F1 /* Frameworks */,
				D309EC051DF3BAA800E781F1 /* Resources */,
				9CC96C5E749C28F8195BC56F /* [CP] Embed Pods Frameworks */,
				5F921C2784B297BE05181E8F /* [CP] Copy Pods Resources */,
			);
			buildRules = (
			);
			dependencies = (
			);
			name = SleepNews;
			productName = SleepNews;
			productReference = D309EC071DF3BAA800E781F1 /* SleepNews.app */;
			productType = "com.apple.product-type.application";
		};
/* End PBXNativeTarget section */

/* Begin PBXProject section */
		D309EBFF1DF3BAA800E781F1 /* Project object */ = {
			isa = PBXProject;
			attributes = {
				LastUpgradeCheck = 0730;
				ORGANIZATIONNAME = "Kavee DJ";
				TargetAttributes = {
					D309EC061DF3BAA800E781F1 = {
						CreatedOnToolsVersion = 7.3.1;
						DevelopmentTeam = QTW2G6ETNV;
					};
				};
			};
			buildConfigurationList = D309EC021DF3BAA800E781F1 /* Build configuration list for PBXProject "SleepNews" */;
			compatibilityVersion = "Xcode 3.2";
			developmentRegion = English;
			hasScannedForEncodings = 0;
			knownRegions = (
				en,
				Base,
			);
			mainGroup = D309EBFE1DF3BAA800E781F1;
			productRefGroup = D309EC081DF3BAA800E781F1 /* Products */;
			projectDirPath = "";
			projectRoot = "";
			targets = (
				D309EC061DF3BAA800E781F1 /* SleepNews */,
			);
		};
/* End PBXProject section */

/* Begin PBXResourcesBuildPhase section */
		D309EC051DF3BAA800E781F1 /* Resources */ = {
			isa = PBXResourcesBuildPhase;
			buildActionMask = 2147483647;
			files = (
				D309EC111DF3BAA900E781F1 /* Assets.xcassets in Resources */,
				D309EC141DF3BAA900E781F1 /* LaunchScreen.storyboard in Resources */,
			);
			runOnlyForDeploymentPostprocessing = 0;
		};
/* End PBXResourcesBuildPhase section */

/* Begin PBXShellScriptBuildPhase section */
		5102A5A2189AB72CBBD3CCD7 /* [CP] Check Pods Manifest.lock */ = {
			isa = PBXShellScriptBuildPhase;
			buildActionMask = 2147483647;
			files = (
			);
			inputPaths = (
			);
			name = "[CP] Check Pods Manifest.lock";
			outputPaths = (
			);
			runOnlyForDeploymentPostprocessing = 0;
			shellPath = /bin/sh;
			shellScript = "diff \"${PODS_ROOT}/../Podfile.lock\" \"${PODS_ROOT}/Manifest.lock\" > /dev/null\nif [[ $? != 0 ]] ; then\n    cat << EOM\nerror: The sandbox is not in sync with the Podfile.lock. Run 'pod install' or update your CocoaPods installation.\nEOM\n    exit 1\nfi\n";
			showEnvVarsInLog = 0;
		};
		5F921C2784B297BE05181E8F /* [CP] Copy Pods Resources */ = {
			isa = PBXShellScriptBuildPhase;
			buildActionMask = 2147483647;
			files = (
			);
			inputPaths = (
			);
			name = "[CP] Copy Pods Resources";
			outputPaths = (
			);
			runOnlyForDeploymentPostprocessing = 0;
			shellPath = /bin/sh;
			shellScript = "\"${SRCROOT}/Pods/Target Support Files/Pods-SleepNews/Pods-SleepNews-resources.sh\"\n";
			showEnvVarsInLog = 0;
		};
		9CC96C5E749C28F8195BC56F /* [CP] Embed Pods Frameworks */ = {
			isa = PBXShellScriptBuildPhase;
			buildActionMask = 2147483647;
			files = (
			);
			inputPaths = (
			);
			name = "[CP] Embed Pods Frameworks";
			outputPaths = (
			);
			runOnlyForDeploymentPostprocessing = 0;
			shellPath = /bin/sh;
			shellScript = "\"${SRCROOT}/Pods/Target Support Files/Pods-SleepNews/Pods-SleepNews-frameworks.sh\"\n";
			showEnvVarsInLog = 0;
		};
/* End PBXShellScriptBuildPhase section */

/* Begin PBXSourcesBuildPhase section */
		D309EC031DF3BAA800E781F1 /* Sources */ = {
			isa = PBXSourcesBuildPhase;
			buildActionMask = 2147483647;
			files = (
				D397D79D1DF42ED700654798 /* TabbarViewController.m in Sources */,
				D309EC0C1DF3BAA900E781F1 /* main.m in Sources */,
				D30633321DF4336B00929542 /* UIView+Frame.m in Sources */,
				D397D79B1DF42ED700654798 /* BaseViewController.m in Sources */,
				D397D7A11DF42ED700654798 /* SCNavTabBarController.m in Sources */,
				D397D79E1DF42ED700654798 /* TabbarButton.m in Sources */,
				D397D7961DF42ED700654798 /* UIBarButtonItem+gyh.m in Sources */,
				D397D7A31DF42ED700654798 /* VideoViewController.m in Sources */,
				D397D79C1DF42ED700654798 /* NavigationController.m in Sources */,
				D397D79F1DF42ED700654798 /* TabbarView.m in Sources */,
				D324698D1DF4421B00DA2919 /* SettingHeaderView.m in Sources */,
				D397D7981DF42ED700654798 /* BaseSettingViewController.m in Sources */,
				D397D7A21DF42ED700654798 /* PhotoViewController.m in Sources */,
				D397D7951DF42ED700654798 /* NSString+Extension.m in Sources */,
				D397D7A01DF42ED700654798 /* MeViewController.m in Sources */,
				D397D7971DF42ED700654798 /* UIColor+Extension.m in Sources */,
				D397D7991DF42ED700654798 /* ThemeManager.m in Sources */,
				D397D79A1DF42ED700654798 /* AppDelegate.m in Sources */,
			);
			runOnlyForDeploymentPostprocessing = 0;
		};
/* End PBXSourcesBuildPhase section */

/* Begin PBXVariantGroup section */
		D309EC121DF3BAA900E781F1 /* LaunchScreen.storyboard */ = {
			isa = PBXVariantGroup;
			children = (
				D309EC131DF3BAA900E781F1 /* Base */,
			);
			name = LaunchScreen.storyboard;
			sourceTree = "<group>";
		};
/* End PBXVariantGroup section */

/* Begin XCBuildConfiguration section */
		D309EC161DF3BAA900E781F1 /* Debug */ = {
			isa = XCBuildConfiguration;
			buildSettings = {
				ALWAYS_SEARCH_USER_PATHS = NO;
				CLANG_ANALYZER_NONNULL = YES;
				CLANG_CXX_LANGUAGE_STANDARD = "gnu++0x";
				CLANG_CXX_LIBRARY = "libc++";
				CLANG_ENABLE_MODULES = YES;
				CLANG_ENABLE_OBJC_ARC = YES;
				CLANG_WARN_BOOL_CONVERSION = YES;
				CLANG_WARN_CONSTANT_CONVERSION = YES;
				CLANG_WARN_DIRECT_OBJC_ISA_USAGE = YES_ERROR;
				CLANG_WARN_EMPTY_BODY = YES;
				CLANG_WARN_ENUM_CONVERSION = YES;
				CLANG_WARN_INT_CONVERSION = YES;
				CLANG_WARN_OBJC_ROOT_CLASS = YES_ERROR;
				CLANG_WARN_UNREACHABLE_CODE = YES;
				CLANG_WARN__DUPLICATE_METHOD_MATCH = YES;
				"CODE_SIGN_IDENTITY[sdk=iphoneos*]" = "iPhone Developer";
				COPY_PHASE_STRIP = NO;
				DEBUG_INFORMATION_FORMAT = dwarf;
				ENABLE_STRICT_OBJC_MSGSEND = YES;
				ENABLE_TESTABILITY = YES;
				GCC_C_LANGUAGE_STANDARD = gnu99;
				GCC_DYNAMIC_NO_PIC = NO;
				GCC_NO_COMMON_BLOCKS = YES;
				GCC_OPTIMIZATION_LEVEL = 0;
				GCC_PREPROCESSOR_DEFINITIONS = (
					"DEBUG=1",
					"$(inherited)",
				);
				GCC_WARN_64_TO_32_BIT_CONVERSION = YES;
				GCC_WARN_ABOUT_RETURN_TYPE = YES_ERROR;
				GCC_WARN_UNDECLARED_SELECTOR = YES;
				GCC_WARN_UNINITIALIZED_AUTOS = YES_AGGRESSIVE;
				GCC_WARN_UNUSED_FUNCTION = YES;
				GCC_WARN_UNUSED_VARIABLE = YES;
				IPHONEOS_DEPLOYMENT_TARGET = 9.3;
				MTL_ENABLE_DEBUG_INFO = YES;
				ONLY_ACTIVE_ARCH = YES;
				SDKROOT = iphoneos;
			};
			name = Debug;
		};
		D309EC171DF3BAA900E781F1 /* Release */ = {
			isa = XCBuildConfiguration;
			buildSettings = {
				ALWAYS_SEARCH_USER_PATHS = NO;
				CLANG_ANALYZER_NONNULL = YES;
				CLANG_CXX_LANGUAGE_STANDARD = "gnu++0x";
				CLANG_CXX_LIBRARY = "libc++";
				CLANG_ENABLE_MODULES = YES;
				CLANG_ENABLE_OBJC_ARC = YES;
				CLANG_WARN_BOOL_CONVERSION = YES;
				CLANG_WARN_CONSTANT_CONVERSION = YES;
				CLANG_WARN_DIRECT_OBJC_ISA_USAGE = YES_ERROR;
				CLANG_WARN_EMPTY_BODY = YES;
				CLANG_WARN_ENUM_CONVERSION = YES;
				CLANG_WARN_INT_CONVERSION = YES;
				CLANG_WARN_OBJC_ROOT_CLASS = YES_ERROR;
				CLANG_WARN_UNREACHABLE_CODE = YES;
				CLANG_WARN__DUPLICATE_METHOD_MATCH = YES;
				"CODE_SIGN_IDENTITY[sdk=iphoneos*]" = "iPhone Developer";
				COPY_PHASE_STRIP = NO;
				DEBUG_INFORMATION_FORMAT = "dwarf-with-dsym";
				ENABLE_NS_ASSERTIONS = NO;
				ENABLE_STRICT_OBJC_MSGSEND = YES;
				GCC_C_LANGUAGE_STANDARD = gnu99;
				GCC_NO_COMMON_BLOCKS = YES;
				GCC_WARN_64_TO_32_BIT_CONVERSION = YES;
				GCC_WARN_ABOUT_RETURN_TYPE = YES_ERROR;
				GCC_WARN_UNDECLARED_SELECTOR = YES;
				GCC_WARN_UNINITIALIZED_AUTOS = YES_AGGRESSIVE;
				GCC_WARN_UNUSED_FUNCTION = YES;
				GCC_WARN_UNUSED_VARIABLE = YES;
				IPHONEOS_DEPLOYMENT_TARGET = 9.3;
				MTL_ENABLE_DEBUG_INFO = NO;
				SDKROOT = iphoneos;
				VALIDATE_PRODUCT = YES;
			};
			name = Release;
		};
		D309EC191DF3BAA900E781F1 /* Debug */ = {
			isa = XCBuildConfiguration;
			baseConfigurationReference = 484B7B554202D1B0550C1847 /* Pods-SleepNews.debug.xcconfig */;
			buildSettings = {
				ASSETCATALOG_COMPILER_APPICON_NAME = AppIcon;
				ASSETCATALOG_COMPILER_LAUNCHIMAGE_NAME = "Brand Assets";
				CODE_SIGN_IDENTITY = "iPhone Developer";
				FRAMEWORK_SEARCH_PATHS = (
					"$(inherited)",
					"$(PROJECT_DIR)/SleepNews/Class/Lib/libraries/extends/QQSDK",
					"$(PROJECT_DIR)/SleepNews/Class/Lib/libraries",
				);
				GCC_PREFIX_HEADER = /Users/Julia2009/Documents/GithubClone/SleepNews/SleepNews/SleepNews/Class/Supports/PrefixHeader.pch;
				INFOPLIST_FILE = SleepNews/Info.plist;
				IPHONEOS_DEPLOYMENT_TARGET = 9.0;
				LD_RUNPATH_SEARCH_PATHS = "$(inherited) @executable_path/Frameworks";
				LIBRARY_SEARCH_PATHS = (
					"$(inherited)",
					"$(PROJECT_DIR)/SleepNews/Class/Lib/HyphenateSDK/lib",
					"$(PROJECT_DIR)/SleepNews/Class/Lib/libraries/extends/SinaWeiboSDK",
					"$(PROJECT_DIR)/SleepNews/Class/Lib/libraries/extends/WeChatSDK",
				);
				PRODUCT_BUNDLE_IDENTIFIER = com.kavee.SleepNews;
				PRODUCT_NAME = "$(TARGET_NAME)";
			};
			name = Debug;
		};
		D309EC1A1DF3BAA900E781F1 /* Release */ = {
			isa = XCBuildConfiguration;
			baseConfigurationReference = A4AE1272616C2EBBCD9CB4FE /* Pods-SleepNews.release.xcconfig */;
			buildSettings = {
				ASSETCATALOG_COMPILER_APPICON_NAME = AppIcon;
				ASSETCATALOG_COMPILER_LAUNCHIMAGE_NAME = "Brand Assets";
				CODE_SIGN_IDENTITY = "iPhone Developer";
				FRAMEWORK_SEARCH_PATHS = (
					"$(inherited)",
					"$(PROJECT_DIR)/SleepNews/Class/Lib/libraries/extends/QQSDK",
					"$(PROJECT_DIR)/SleepNews/Class/Lib/libraries",
				);
				GCC_PREFIX_HEADER = /Users/Julia2009/Documents/GithubClone/SleepNews/SleepNews/SleepNews/Class/Supports/PrefixHeader.pch;
				INFOPLIST_FILE = SleepNews/Info.plist;
				IPHONEOS_DEPLOYMENT_TARGET = 9.0;
				LD_RUNPATH_SEARCH_PATHS = "$(inherited) @executable_path/Frameworks";
				LIBRARY_SEARCH_PATHS = (
					"$(inherited)",
					"$(PROJECT_DIR)/SleepNews/Class/Lib/HyphenateSDK/lib",
					"$(PROJECT_DIR)/SleepNews/Class/Lib/libraries/extends/SinaWeiboSDK",
					"$(PROJECT_DIR)/SleepNews/Class/Lib/libraries/extends/WeChatSDK",
				);
				PRODUCT_BUNDLE_IDENTIFIER = com.kavee.SleepNews;
				PRODUCT_NAME = "$(TARGET_NAME)";
			};
			name = Release;
		};
/* End XCBuildConfiguration section */

/* Begin XCConfigurationList section */
		D309EC021DF3BAA800E781F1 /* Build configuration list for PBXProject "SleepNews" */ = {
			isa = XCConfigurationList;
			buildConfigurations = (
				D309EC161DF3BAA900E781F1 /* Debug */,
				D309EC171DF3BAA900E781F1 /* Release */,
			);
			defaultConfigurationIsVisible = 0;
			defaultConfigurationName = Release;
		};
		D309EC181DF3BAA900E781F1 /* Build configuration list for PBXNativeTarget "SleepNews" */ = {
			isa = XCConfigurationList;
			buildConfigurations = (
				D309EC191DF3BAA900E781F1 /* Debug */,
				D309EC1A1DF3BAA900E781F1 /* Release */,
			);
			defaultConfigurationIsVisible = 0;
			defaultConfigurationName = Release;
		};
/* End XCConfigurationList section */
	};
	rootObject = D309EBFF1DF3BAA800E781F1 /* Project object */;
}
