// !$*UTF8*$!
{
	archiveVersion = 1;
	classes = {
	};
	objectVersion = 46;
	objects = {

/* Begin PBXBuildFile section */
		A819AC026A3E592DCB5C4405 /* libPods-SleepNews.a in Frameworks */ = {isa = PBXBuildFile; fileRef = 384A9E9E24D65494BCC5DF91 /* libPods-SleepNews.a */; };
		D30633321DF4336B00929542 /* UIView+Frame.m in Sources */ = {isa = PBXBuildFile; fileRef = D30633311DF4336B00929542 /* UIView+Frame.m */; };
		D309EC0C1DF3BAA900E781F1 /* main.m in Sources */ = {isa = PBXBuildFile; fileRef = D309EC0B1DF3BAA900E781F1 /* main.m */; };
		D309EC111DF3BAA900E781F1 /* Assets.xcassets in Resources */ = {isa = PBXBuildFile; fileRef = D309EC101DF3BAA900E781F1 /* Assets.xcassets */; };
		D309EC141DF3BAA900E781F1 /* LaunchScreen.storyboard in Resources */ = {isa = PBXBuildFile; fileRef = D309EC121DF3BAA900E781F1 /* LaunchScreen.storyboard */; };
		D324698D1DF4421B00DA2919 /* SettingHeaderView.m in Sources */ = {isa = PBXBuildFile; fileRef = D324698C1DF4421B00DA2919 /* SettingHeaderView.m */; };
		D366D9461DF561AB004CCE07 /* MBProgressHUD+Extion.m in Sources */ = {isa = PBXBuildFile; fileRef = D366D9421DF561AB004CCE07 /* MBProgressHUD+Extion.m */; };
		D366D9471DF561AB004CCE07 /* MBProgressHUD.bundle in Resources */ = {isa = PBXBuildFile; fileRef = D366D9431DF561AB004CCE07 /* MBProgressHUD.bundle */; };
		D366D9481DF561AB004CCE07 /* MBProgressHUD.m in Sources */ = {isa = PBXBuildFile; fileRef = D366D9451DF561AB004CCE07 /* MBProgressHUD.m */; };
		D366D94B1DF562F6004CCE07 /* ShareManager.m in Sources */ = {isa = PBXBuildFile; fileRef = D366D94A1DF562F6004CCE07 /* ShareManager.m */; };
		D397D7951DF42ED700654798 /* NSString+Extension.m in Sources */ = {isa = PBXBuildFile; fileRef = D397D75A1DF42ED700654798 /* NSString+Extension.m */; };
		D397D7961DF42ED700654798 /* UIBarButtonItem+gyh.m in Sources */ = {isa = PBXBuildFile; fileRef = D397D75C1DF42ED700654798 /* UIBarButtonItem+gyh.m */; };
		D397D7971DF42ED700654798 /* UIColor+Extension.m in Sources */ = {isa = PBXBuildFile; fileRef = D397D75E1DF42ED700654798 /* UIColor+Extension.m */; };
		D397D7981DF42ED700654798 /* BaseSettingViewController.m in Sources */ = {isa = PBXBuildFile; fileRef = D397D7621DF42ED700654798 /* BaseSettingViewController.m */; };
		D397D7991DF42ED700654798 /* ThemeManager.m in Sources */ = {isa = PBXBuildFile; fileRef = D397D7641DF42ED700654798 /* ThemeManager.m */; };
		D397D79A1DF42ED700654798 /* AppDelegate.m in Sources */ = {isa = PBXBuildFile; fileRef = D397D7691DF42ED700654798 /* AppDelegate.m */; };
		D397D79B1DF42ED700654798 /* BaseViewController.m in Sources */ = {isa = PBXBuildFile; fileRef = D397D76B1DF42ED700654798 /* BaseViewController.m */; };
		D397D79C1DF42ED700654798 /* NavigationController.m in Sources */ = {isa = PBXBuildFile; fileRef = D397D76D1DF42ED700654798 /* NavigationController.m */; };
		D397D79D1DF42ED700654798 /* TabbarViewController.m in Sources */ = {isa = PBXBuildFile; fileRef = D397D76F1DF42ED700654798 /* TabbarViewController.m */; };
		D397D79E1DF42ED700654798 /* TabbarButton.m in Sources */ = {isa = PBXBuildFile; fileRef = D397D7721DF42ED700654798 /* TabbarButton.m */; };
		D397D79F1DF42ED700654798 /* TabbarView.m in Sources */ = {isa = PBXBuildFile; fileRef = D397D7751DF42ED700654798 /* TabbarView.m */; };
		D397D7A01DF42ED700654798 /* MeViewController.m in Sources */ = {isa = PBXBuildFile; fileRef = D397D7791DF42ED700654798 /* MeViewController.m */; };
		D397D7A11DF42ED700654798 /* SCNavTabBarController.m in Sources */ = {isa = PBXBuildFile; fileRef = D397D7841DF42ED700654798 /* SCNavTabBarController.m */; };
		D397D7A21DF42ED700654798 /* PhotoViewController.m in Sources */ = {isa = PBXBuildFile; fileRef = D397D78A1DF42ED700654798 /* PhotoViewController.m */; };
		D397D7A31DF42ED700654798 /* VideoViewController.m in Sources */ = {isa = PBXBuildFile; fileRef = D397D7921DF42ED700654798 /* VideoViewController.m */; };
		D3C391441DF550D9003674CE /* SettingGroup.m in Sources */ = {isa = PBXBuildFile; fileRef = D3C391411DF550D9003674CE /* SettingGroup.m */; };
		D3C391451DF550D9003674CE /* SettingItem.m in Sources */ = {isa = PBXBuildFile; fileRef = D3C391431DF550D9003674CE /* SettingItem.m */; };
		D3C3914C1DF551A4003674CE /* SettingArrowItem.m in Sources */ = {isa = PBXBuildFile; fileRef = D3C391471DF551A4003674CE /* SettingArrowItem.m */; };
		D3C3914D1DF551A4003674CE /* SettingLabelItem.m in Sources */ = {isa = PBXBuildFile; fileRef = D3C391491DF551A4003674CE /* SettingLabelItem.m */; };
		D3C3914E1DF551A4003674CE /* SettingSwitchItem.m in Sources */ = {isa = PBXBuildFile; fileRef = D3C3914B1DF551A4003674CE /* SettingSwitchItem.m */; };
		D3C391511DF554FD003674CE /* SettingCell.m in Sources */ = {isa = PBXBuildFile; fileRef = D3C391501DF554FD003674CE /* SettingCell.m */; };
		D3EBDF381DF567760096AC47 /* libicucore.tbd in Frameworks */ = {isa = PBXBuildFile; fileRef = D3EBDF371DF567760096AC47 /* libicucore.tbd */; };
		D3EBDF3A1DF567840096AC47 /* libz.tbd in Frameworks */ = {isa = PBXBuildFile; fileRef = D3EBDF391DF567840096AC47 /* libz.tbd */; };
		D3EBDF3C1DF567920096AC47 /* libstdc++.tbd in Frameworks */ = {isa = PBXBuildFile; fileRef = D3EBDF3B1DF567920096AC47 /* libstdc++.tbd */; };
		D3EBDF3E1DF5679B0096AC47 /* JavaScriptCore.framework in Frameworks */ = {isa = PBXBuildFile; fileRef = D3EBDF3D1DF5679B0096AC47 /* JavaScriptCore.framework */; };
		D3EBDF401DF567AC0096AC47 /* ImageIO.framework in Frameworks */ = {isa = PBXBuildFile; fileRef = D3EBDF3F1DF567AC0096AC47 /* ImageIO.framework */; };
		D3EBDF421DF567BA0096AC47 /* libsqlite3.tbd in Frameworks */ = {isa = PBXBuildFile; fileRef = D3EBDF411DF567BA0096AC47 /* libsqlite3.tbd */; };
		D3EBDF6C1DF568760096AC47 /* libHyphenateSDK.a in Frameworks */ = {isa = PBXBuildFile; fileRef = D3EBDF6B1DF568760096AC47 /* libHyphenateSDK.a */; };
		D3EBDFC61DF56C6F0096AC47 /* TencentOpenAPI.framework in Frameworks */ = {isa = PBXBuildFile; fileRef = D3EBDFA91DF56C6F0096AC47 /* TencentOpenAPI.framework */; };
		D3EBDFC71DF56C6F0096AC47 /* TencentOpenApi_IOS_Bundle.bundle in Resources */ = {isa = PBXBuildFile; fileRef = D3EBDFAA1DF56C6F0096AC47 /* TencentOpenApi_IOS_Bundle.bundle */; };
		D3EBDFC81DF56C6F0096AC47 /* libWeiboSDK.a in Frameworks */ = {isa = PBXBuildFile; fileRef = D3EBDFAC1DF56C6F0096AC47 /* libWeiboSDK.a */; };
		D3EBDFC91DF56C6F0096AC47 /* WeiboSDK.bundle in Resources */ = {isa = PBXBuildFile; fileRef = D3EBDFB61DF56C6F0096AC47 /* WeiboSDK.bundle */; };
		D3EBDFCA1DF56C6F0096AC47 /* libWeChatSDK.a in Frameworks */ = {isa = PBXBuildFile; fileRef = D3EBDFBA1DF56C6F0096AC47 /* libWeChatSDK.a */; };
		D3EBDFCB1DF56C6F0096AC47 /* read_me.txt in Resources */ = {isa = PBXBuildFile; fileRef = D3EBDFBB1DF56C6F0096AC47 /* read_me.txt */; };
		D3EBDFCC1DF56C6F0096AC47 /* MOBFoundation.framework in Frameworks */ = {isa = PBXBuildFile; fileRef = D3EBDFBF1DF56C6F0096AC47 /* MOBFoundation.framework */; };
		D3EBDFCD1DF56C6F0096AC47 /* ShareSDK.bundle in Resources */ = {isa = PBXBuildFile; fileRef = D3EBDFC01DF56C6F0096AC47 /* ShareSDK.bundle */; };
		D3EBDFCE1DF56C6F0096AC47 /* ShareSDK.framework in Frameworks */ = {isa = PBXBuildFile; fileRef = D3EBDFC11DF56C6F0096AC47 /* ShareSDK.framework */; };
		D3EBDFCF1DF56C6F0096AC47 /* ShareSDKConnector.framework in Frameworks */ = {isa = PBXBuildFile; fileRef = D3EBDFC21DF56C6F0096AC47 /* ShareSDKConnector.framework */; };
		D3EBDFD01DF56C6F0096AC47 /* ShareSDKExtension.framework in Frameworks */ = {isa = PBXBuildFile; fileRef = D3EBDFC31DF56C6F0096AC47 /* ShareSDKExtension.framework */; };
		D3EBDFD11DF56C6F0096AC47 /* ShareSDKUI.bundle in Resources */ = {isa = PBXBuildFile; fileRef = D3EBDFC41DF56C6F0096AC47 /* ShareSDKUI.bundle */; };
		D3EBDFD21DF56C6F0096AC47 /* ShareSDKUI.framework in Frameworks */ = {isa = PBXBuildFile; fileRef = D3EBDFC51DF56C6F0096AC47 /* ShareSDKUI.framework */; };
		D3EBDFD41DF56C8E0096AC47 /* AdSupport.framework in Frameworks */ = {isa = PBXBuildFile; fileRef = D3EBDFD31DF56C8E0096AC47 /* AdSupport.framework */; };
/* End PBXBuildFile section */

/* Begin PBXFileReference section */
		384A9E9E24D65494BCC5DF91 /* libPods-SleepNews.a */ = {isa = PBXFileReference; explicitFileType = archive.ar; includeInIndex = 0; path = "libPods-SleepNews.a"; sourceTree = BUILT_PRODUCTS_DIR; };
		484B7B554202D1B0550C1847 /* Pods-SleepNews.debug.xcconfig */ = {isa = PBXFileReference; includeInIndex = 1; lastKnownFileType = text.xcconfig; name = "Pods-SleepNews.debug.xcconfig"; path = "Pods/Target Support Files/Pods-SleepNews/Pods-SleepNews.debug.xcconfig"; sourceTree = "<group>"; };
		A4AE1272616C2EBBCD9CB4FE /* Pods-SleepNews.release.xcconfig */ = {isa = PBXFileReference; includeInIndex = 1; lastKnownFileType = text.xcconfig; name = "Pods-SleepNews.release.xcconfig"; path = "Pods/Target Support Files/Pods-SleepNews/Pods-SleepNews.release.xcconfig"; sourceTree = "<group>"; };
		D30633301DF4336B00929542 /* UIView+Frame.h */ = {isa = PBXFileReference; fileEncoding = 4; lastKnownFileType = sourcecode.c.h; path = "UIView+Frame.h"; sourceTree = "<group>"; };
		D30633311DF4336B00929542 /* UIView+Frame.m */ = {isa = PBXFileReference; fileEncoding = 4; lastKnownFileType = sourcecode.c.objc; path = "UIView+Frame.m"; sourceTree = "<group>"; };
		D309EC071DF3BAA800E781F1 /* SleepNews.app */ = {isa = PBXFileReference; explicitFileType = wrapper.application; includeInIndex = 0; path = SleepNews.app; sourceTree = BUILT_PRODUCTS_DIR; };
		D309EC0B1DF3BAA900E781F1 /* main.m */ = {isa = PBXFileReference; lastKnownFileType = sourcecode.c.objc; path = main.m; sourceTree = "<group>"; };
		D309EC101DF3BAA900E781F1 /* Assets.xcassets */ = {isa = PBXFileReference; lastKnownFileType = folder.assetcatalog; path = Assets.xcassets; sourceTree = "<group>"; };
		D309EC131DF3BAA900E781F1 /* Base */ = {isa = PBXFileReference; lastKnownFileType = file.storyboard; name = Base; path = Base.lproj/LaunchScreen.storyboard; sourceTree = "<group>"; };
		D309EC151DF3BAA900E781F1 /* Info.plist */ = {isa = PBXFileReference; lastKnownFileType = text.plist.xml; path = Info.plist; sourceTree = "<group>"; };
		D324698B1DF4421B00DA2919 /* SettingHeaderView.h */ = {isa = PBXFileReference; fileEncoding = 4; lastKnownFileType = sourcecode.c.h; path = SettingHeaderView.h; sourceTree = "<group>"; };
		D324698C1DF4421B00DA2919 /* SettingHeaderView.m */ = {isa = PBXFileReference; fileEncoding = 4; lastKnownFileType = sourcecode.c.objc; path = SettingHeaderView.m; sourceTree = "<group>"; };
		D366D9411DF561AB004CCE07 /* MBProgressHUD+Extion.h */ = {isa = PBXFileReference; fileEncoding = 4; lastKnownFileType = sourcecode.c.h; path = "MBProgressHUD+Extion.h"; sourceTree = "<group>"; };
		D366D9421DF561AB004CCE07 /* MBProgressHUD+Extion.m */ = {isa = PBXFileReference; fileEncoding = 4; lastKnownFileType = sourcecode.c.objc; path = "MBProgressHUD+Extion.m"; sourceTree = "<group>"; };
		D366D9431DF561AB004CCE07 /* MBProgressHUD.bundle */ = {isa = PBXFileReference; lastKnownFileType = "wrapper.plug-in"; path = MBProgressHUD.bundle; sourceTree = "<group>"; };
		D366D9441DF561AB004CCE07 /* MBProgressHUD.h */ = {isa = PBXFileReference; fileEncoding = 4; lastKnownFileType = sourcecode.c.h; path = MBProgressHUD.h; sourceTree = "<group>"; };
		D366D9451DF561AB004CCE07 /* MBProgressHUD.m */ = {isa = PBXFileReference; fileEncoding = 4; lastKnownFileType = sourcecode.c.objc; path = MBProgressHUD.m; sourceTree = "<group>"; };
		D366D9491DF562F6004CCE07 /* ShareManager.h */ = {isa = PBXFileReference; fileEncoding = 4; lastKnownFileType = sourcecode.c.h; path = ShareManager.h; sourceTree = "<group>"; };
		D366D94A1DF562F6004CCE07 /* ShareManager.m */ = {isa = PBXFileReference; fileEncoding = 4; lastKnownFileType = sourcecode.c.objc; path = ShareManager.m; sourceTree = "<group>"; };
		D397D7591DF42ED700654798 /* NSString+Extension.h */ = {isa = PBXFileReference; fileEncoding = 4; lastKnownFileType = sourcecode.c.h; path = "NSString+Extension.h"; sourceTree = "<group>"; };
		D397D75A1DF42ED700654798 /* NSString+Extension.m */ = {isa = PBXFileReference; fileEncoding = 4; lastKnownFileType = sourcecode.c.objc; path = "NSString+Extension.m"; sourceTree = "<group>"; };
		D397D75B1DF42ED700654798 /* UIBarButtonItem+gyh.h */ = {isa = PBXFileReference; fileEncoding = 4; lastKnownFileType = sourcecode.c.h; path = "UIBarButtonItem+gyh.h"; sourceTree = "<group>"; };
		D397D75C1DF42ED700654798 /* UIBarButtonItem+gyh.m */ = {isa = PBXFileReference; fileEncoding = 4; lastKnownFileType = sourcecode.c.objc; path = "UIBarButtonItem+gyh.m"; sourceTree = "<group>"; };
		D397D75D1DF42ED700654798 /* UIColor+Extension.h */ = {isa = PBXFileReference; fileEncoding = 4; lastKnownFileType = sourcecode.c.h; path = "UIColor+Extension.h"; sourceTree = "<group>"; };
		D397D75E1DF42ED700654798 /* UIColor+Extension.m */ = {isa = PBXFileReference; fileEncoding = 4; lastKnownFileType = sourcecode.c.objc; path = "UIColor+Extension.m"; sourceTree = "<group>"; };
		D397D7611DF42ED700654798 /* BaseSettingViewController.h */ = {isa = PBXFileReference; fileEncoding = 4; lastKnownFileType = sourcecode.c.h; path = BaseSettingViewController.h; sourceTree = "<group>"; };
		D397D7621DF42ED700654798 /* BaseSettingViewController.m */ = {isa = PBXFileReference; fileEncoding = 4; lastKnownFileType = sourcecode.c.objc; path = BaseSettingViewController.m; sourceTree = "<group>"; };
		D397D7631DF42ED700654798 /* ThemeManager.h */ = {isa = PBXFileReference; fileEncoding = 4; lastKnownFileType = sourcecode.c.h; path = ThemeManager.h; sourceTree = "<group>"; };
		D397D7641DF42ED700654798 /* ThemeManager.m */ = {isa = PBXFileReference; fileEncoding = 4; lastKnownFileType = sourcecode.c.objc; path = ThemeManager.m; sourceTree = "<group>"; };
		D397D7681DF42ED700654798 /* AppDelegate.h */ = {isa = PBXFileReference; fileEncoding = 4; lastKnownFileType = sourcecode.c.h; path = AppDelegate.h; sourceTree = "<group>"; };
		D397D7691DF42ED700654798 /* AppDelegate.m */ = {isa = PBXFileReference; fileEncoding = 4; lastKnownFileType = sourcecode.c.objc; path = AppDelegate.m; sourceTree = "<group>"; };
		D397D76A1DF42ED700654798 /* BaseViewController.h */ = {isa = PBXFileReference; fileEncoding = 4; lastKnownFileType = sourcecode.c.h; path = BaseViewController.h; sourceTree = "<group>"; };
		D397D76B1DF42ED700654798 /* BaseViewController.m */ = {isa = PBXFileReference; fileEncoding = 4; lastKnownFileType = sourcecode.c.objc; path = BaseViewController.m; sourceTree = "<group>"; };
		D397D76C1DF42ED700654798 /* NavigationController.h */ = {isa = PBXFileReference; fileEncoding = 4; lastKnownFileType = sourcecode.c.h; path = NavigationController.h; sourceTree = "<group>"; };
		D397D76D1DF42ED700654798 /* NavigationController.m */ = {isa = PBXFileReference; fileEncoding = 4; lastKnownFileType = sourcecode.c.objc; path = NavigationController.m; sourceTree = "<group>"; };
		D397D76E1DF42ED700654798 /* TabbarViewController.h */ = {isa = PBXFileReference; fileEncoding = 4; lastKnownFileType = sourcecode.c.h; path = TabbarViewController.h; sourceTree = "<group>"; };
		D397D76F1DF42ED700654798 /* TabbarViewController.m */ = {isa = PBXFileReference; fileEncoding = 4; lastKnownFileType = sourcecode.c.objc; path = TabbarViewController.m; sourceTree = "<group>"; };
		D397D7711DF42ED700654798 /* TabbarButton.h */ = {isa = PBXFileReference; fileEncoding = 4; lastKnownFileType = sourcecode.c.h; path = TabbarButton.h; sourceTree = "<group>"; };
		D397D7721DF42ED700654798 /* TabbarButton.m */ = {isa = PBXFileReference; fileEncoding = 4; lastKnownFileType = sourcecode.c.objc; path = TabbarButton.m; sourceTree = "<group>"; };
		D397D7741DF42ED700654798 /* TabbarView.h */ = {isa = PBXFileReference; fileEncoding = 4; lastKnownFileType = sourcecode.c.h; path = TabbarView.h; sourceTree = "<group>"; };
		D397D7751DF42ED700654798 /* TabbarView.m */ = {isa = PBXFileReference; fileEncoding = 4; lastKnownFileType = sourcecode.c.objc; path = TabbarView.m; sourceTree = "<group>"; };
		D397D7781DF42ED700654798 /* MeViewController.h */ = {isa = PBXFileReference; fileEncoding = 4; lastKnownFileType = sourcecode.c.h; path = MeViewController.h; sourceTree = "<group>"; };
		D397D7791DF42ED700654798 /* MeViewController.m */ = {isa = PBXFileReference; fileEncoding = 4; lastKnownFileType = sourcecode.c.objc; path = MeViewController.m; sourceTree = "<group>"; };
		D397D7831DF42ED700654798 /* SCNavTabBarController.h */ = {isa = PBXFileReference; fileEncoding = 4; lastKnownFileType = sourcecode.c.h; path = SCNavTabBarController.h; sourceTree = "<group>"; };
		D397D7841DF42ED700654798 /* SCNavTabBarController.m */ = {isa = PBXFileReference; fileEncoding = 4; lastKnownFileType = sourcecode.c.objc; path = SCNavTabBarController.m; sourceTree = "<group>"; };
		D397D7891DF42ED700654798 /* PhotoViewController.h */ = {isa = PBXFileReference; fileEncoding = 4; lastKnownFileType = sourcecode.c.h; path = PhotoViewController.h; sourceTree = "<group>"; };
		D397D78A1DF42ED700654798 /* PhotoViewController.m */ = {isa = PBXFileReference; fileEncoding = 4; lastKnownFileType = sourcecode.c.objc; path = PhotoViewController.m; sourceTree = "<group>"; };
		D397D78E1DF42ED700654798 /* PrefixHeader.pch */ = {isa = PBXFileReference; fileEncoding = 4; lastKnownFileType = sourcecode.c.h; path = PrefixHeader.pch; sourceTree = "<group>"; };
		D397D7911DF42ED700654798 /* VideoViewController.h */ = {isa = PBXFileReference; fileEncoding = 4; lastKnownFileType = sourcecode.c.h; path = VideoViewController.h; sourceTree = "<group>"; };
		D397D7921DF42ED700654798 /* VideoViewController.m */ = {isa = PBXFileReference; fileEncoding = 4; lastKnownFileType = sourcecode.c.objc; path = VideoViewController.m; sourceTree = "<group>"; };
		D3C391401DF550D9003674CE /* SettingGroup.h */ = {isa = PBXFileReference; fileEncoding = 4; lastKnownFileType = sourcecode.c.h; path = SettingGroup.h; sourceTree = "<group>"; };
		D3C391411DF550D9003674CE /* SettingGroup.m */ = {isa = PBXFileReference; fileEncoding = 4; lastKnownFileType = sourcecode.c.objc; path = SettingGroup.m; sourceTree = "<group>"; };
		D3C391421DF550D9003674CE /* SettingItem.h */ = {isa = PBXFileReference; fileEncoding = 4; lastKnownFileType = sourcecode.c.h; path = SettingItem.h; sourceTree = "<group>"; };
		D3C391431DF550D9003674CE /* SettingItem.m */ = {isa = PBXFileReference; fileEncoding = 4; lastKnownFileType = sourcecode.c.objc; path = SettingItem.m; sourceTree = "<group>"; };
		D3C391461DF551A4003674CE /* SettingArrowItem.h */ = {isa = PBXFileReference; fileEncoding = 4; lastKnownFileType = sourcecode.c.h; path = SettingArrowItem.h; sourceTree = "<group>"; };
		D3C391471DF551A4003674CE /* SettingArrowItem.m */ = {isa = PBXFileReference; fileEncoding = 4; lastKnownFileType = sourcecode.c.objc; path = SettingArrowItem.m; sourceTree = "<group>"; };
		D3C391481DF551A4003674CE /* SettingLabelItem.h */ = {isa = PBXFileReference; fileEncoding = 4; lastKnownFileType = sourcecode.c.h; path = SettingLabelItem.h; sourceTree = "<group>"; };
		D3C391491DF551A4003674CE /* SettingLabelItem.m */ = {isa = PBXFileReference; fileEncoding = 4; lastKnownFileType = sourcecode.c.objc; path = SettingLabelItem.m; sourceTree = "<group>"; };
		D3C3914A1DF551A4003674CE /* SettingSwitchItem.h */ = {isa = PBXFileReference; fileEncoding = 4; lastKnownFileType = sourcecode.c.h; path = SettingSwitchItem.h; sourceTree = "<group>"; };
		D3C3914B1DF551A4003674CE /* SettingSwitchItem.m */ = {isa = PBXFileReference; fileEncoding = 4; lastKnownFileType = sourcecode.c.objc; path = SettingSwitchItem.m; sourceTree = "<group>"; };
		D3C3914F1DF554FD003674CE /* SettingCell.h */ = {isa = PBXFileReference; fileEncoding = 4; lastKnownFileType = sourcecode.c.h; path = SettingCell.h; sourceTree = "<group>"; };
		D3C391501DF554FD003674CE /* SettingCell.m */ = {isa = PBXFileReference; fileEncoding = 4; lastKnownFileType = sourcecode.c.objc; path = SettingCell.m; sourceTree = "<group>"; };
		D3EBDF371DF567760096AC47 /* libicucore.tbd */ = {isa = PBXFileReference; lastKnownFileType = "sourcecode.text-based-dylib-definition"; name = libicucore.tbd; path = usr/lib/libicucore.tbd; sourceTree = SDKROOT; };
		D3EBDF391DF567840096AC47 /* libz.tbd */ = {isa = PBXFileReference; lastKnownFileType = "sourcecode.text-based-dylib-definition"; name = libz.tbd; path = usr/lib/libz.tbd; sourceTree = SDKROOT; };
		D3EBDF3B1DF567920096AC47 /* libstdc++.tbd */ = {isa = PBXFileReference; lastKnownFileType = "sourcecode.text-based-dylib-definition"; name = "libstdc++.tbd"; path = "usr/lib/libstdc++.tbd"; sourceTree = SDKROOT; };
		D3EBDF3D1DF5679B0096AC47 /* JavaScriptCore.framework */ = {isa = PBXFileReference; lastKnownFileType = wrapper.framework; name = JavaScriptCore.framework; path = System/Library/Frameworks/JavaScriptCore.framework; sourceTree = SDKROOT; };
		D3EBDF3F1DF567AC0096AC47 /* ImageIO.framework */ = {isa = PBXFileReference; lastKnownFileType = wrapper.framework; name = ImageIO.framework; path = System/Library/Frameworks/ImageIO.framework; sourceTree = SDKROOT; };
		D3EBDF411DF567BA0096AC47 /* libsqlite3.tbd */ = {isa = PBXFileReference; lastKnownFileType = "sourcecode.text-based-dylib-definition"; name = libsqlite3.tbd; path = usr/lib/libsqlite3.tbd; sourceTree = SDKROOT; };
		D3EBDF451DF568760096AC47 /* EMCallLocalView.h */ = {isa = PBXFileReference; fileEncoding = 4; lastKnownFileType = sourcecode.c.h; path = EMCallLocalView.h; sourceTree = "<group>"; };
		D3EBDF461DF568760096AC47 /* EMCallManagerDelegate.h */ = {isa = PBXFileReference; fileEncoding = 4; lastKnownFileType = sourcecode.c.h; path = EMCallManagerDelegate.h; sourceTree = "<group>"; };
		D3EBDF471DF568760096AC47 /* EMCallRemoteView.h */ = {isa = PBXFileReference; fileEncoding = 4; lastKnownFileType = sourcecode.c.h; path = EMCallRemoteView.h; sourceTree = "<group>"; };
		D3EBDF481DF568760096AC47 /* EMCallSession.h */ = {isa = PBXFileReference; fileEncoding = 4; lastKnownFileType = sourcecode.c.h; path = EMCallSession.h; sourceTree = "<group>"; };
		D3EBDF491DF568760096AC47 /* EMChatManagerDelegate.h */ = {isa = PBXFileReference; fileEncoding = 4; lastKnownFileType = sourcecode.c.h; path = EMChatManagerDelegate.h; sourceTree = "<group>"; };
		D3EBDF4A1DF568760096AC47 /* EMChatroom.h */ = {isa = PBXFileReference; fileEncoding = 4; lastKnownFileType = sourcecode.c.h; path = EMChatroom.h; sourceTree = "<group>"; };
		D3EBDF4B1DF568760096AC47 /* EMChatroomManagerDelegate.h */ = {isa = PBXFileReference; fileEncoding = 4; lastKnownFileType = sourcecode.c.h; path = EMChatroomManagerDelegate.h; sourceTree = "<group>"; };
		D3EBDF4C1DF568760096AC47 /* EMClient+Call.h */ = {isa = PBXFileReference; fileEncoding = 4; lastKnownFileType = sourcecode.c.h; path = "EMClient+Call.h"; sourceTree = "<group>"; };
		D3EBDF4D1DF568760096AC47 /* EMClient.h */ = {isa = PBXFileReference; fileEncoding = 4; lastKnownFileType = sourcecode.c.h; path = EMClient.h; sourceTree = "<group>"; };
		D3EBDF4E1DF568760096AC47 /* EMClientDelegate.h */ = {isa = PBXFileReference; fileEncoding = 4; lastKnownFileType = sourcecode.c.h; path = EMClientDelegate.h; sourceTree = "<group>"; };
		D3EBDF4F1DF568760096AC47 /* EMCmdMessageBody.h */ = {isa = PBXFileReference; fileEncoding = 4; lastKnownFileType = sourcecode.c.h; path = EMCmdMessageBody.h; sourceTree = "<group>"; };
		D3EBDF501DF568760096AC47 /* EMContactManagerDelegate.h */ = {isa = PBXFileReference; fileEncoding = 4; lastKnownFileType = sourcecode.c.h; path = EMContactManagerDelegate.h; sourceTree = "<group>"; };
		D3EBDF511DF568760096AC47 /* EMConversation.h */ = {isa = PBXFileReference; fileEncoding = 4; lastKnownFileType = sourcecode.c.h; path = EMConversation.h; sourceTree = "<group>"; };
		D3EBDF521DF568760096AC47 /* EMCursorResult.h */ = {isa = PBXFileReference; fileEncoding = 4; lastKnownFileType = sourcecode.c.h; path = EMCursorResult.h; sourceTree = "<group>"; };
		D3EBDF531DF568760096AC47 /* EMError.h */ = {isa = PBXFileReference; fileEncoding = 4; lastKnownFileType = sourcecode.c.h; path = EMError.h; sourceTree = "<group>"; };
		D3EBDF541DF568760096AC47 /* EMErrorCode.h */ = {isa = PBXFileReference; fileEncoding = 4; lastKnownFileType = sourcecode.c.h; path = EMErrorCode.h; sourceTree = "<group>"; };
		D3EBDF551DF568760096AC47 /* EMFileMessageBody.h */ = {isa = PBXFileReference; fileEncoding = 4; lastKnownFileType = sourcecode.c.h; path = EMFileMessageBody.h; sourceTree = "<group>"; };
		D3EBDF561DF568760096AC47 /* EMGroup.h */ = {isa = PBXFileReference; fileEncoding = 4; lastKnownFileType = sourcecode.c.h; path = EMGroup.h; sourceTree = "<group>"; };
		D3EBDF571DF568760096AC47 /* EMGroupManagerDelegate.h */ = {isa = PBXFileReference; fileEncoding = 4; lastKnownFileType = sourcecode.c.h; path = EMGroupManagerDelegate.h; sourceTree = "<group>"; };
		D3EBDF581DF568760096AC47 /* EMGroupOptions.h */ = {isa = PBXFileReference; fileEncoding = 4; lastKnownFileType = sourcecode.c.h; path = EMGroupOptions.h; sourceTree = "<group>"; };
		D3EBDF591DF568760096AC47 /* EMImageMessageBody.h */ = {isa = PBXFileReference; fileEncoding = 4; lastKnownFileType = sourcecode.c.h; path = EMImageMessageBody.h; sourceTree = "<group>"; };
		D3EBDF5A1DF568760096AC47 /* EMLocationMessageBody.h */ = {isa = PBXFileReference; fileEncoding = 4; lastKnownFileType = sourcecode.c.h; path = EMLocationMessageBody.h; sourceTree = "<group>"; };
		D3EBDF5B1DF568760096AC47 /* EMMessage.h */ = {isa = PBXFileReference; fileEncoding = 4; lastKnownFileType = sourcecode.c.h; path = EMMessage.h; sourceTree = "<group>"; };
		D3EBDF5C1DF568760096AC47 /* EMMessageBody.h */ = {isa = PBXFileReference; fileEncoding = 4; lastKnownFileType = sourcecode.c.h; path = EMMessageBody.h; sourceTree = "<group>"; };
		D3EBDF5D1DF568760096AC47 /* EMOptions+PrivateDeploy.h */ = {isa = PBXFileReference; fileEncoding = 4; lastKnownFileType = sourcecode.c.h; path = "EMOptions+PrivateDeploy.h"; sourceTree = "<group>"; };
		D3EBDF5E1DF568760096AC47 /* EMOptions.h */ = {isa = PBXFileReference; fileEncoding = 4; lastKnownFileType = sourcecode.c.h; path = EMOptions.h; sourceTree = "<group>"; };
		D3EBDF5F1DF568760096AC47 /* EMPushOptions.h */ = {isa = PBXFileReference; fileEncoding = 4; lastKnownFileType = sourcecode.c.h; path = EMPushOptions.h; sourceTree = "<group>"; };
		D3EBDF601DF568760096AC47 /* EMSDK.h */ = {isa = PBXFileReference; fileEncoding = 4; lastKnownFileType = sourcecode.c.h; path = EMSDK.h; sourceTree = "<group>"; };
		D3EBDF611DF568760096AC47 /* EMSDKFull.h */ = {isa = PBXFileReference; fileEncoding = 4; lastKnownFileType = sourcecode.c.h; path = EMSDKFull.h; sourceTree = "<group>"; };
		D3EBDF621DF568760096AC47 /* EMTextMessageBody.h */ = {isa = PBXFileReference; fileEncoding = 4; lastKnownFileType = sourcecode.c.h; path = EMTextMessageBody.h; sourceTree = "<group>"; };
		D3EBDF631DF568760096AC47 /* EMVideoMessageBody.h */ = {isa = PBXFileReference; fileEncoding = 4; lastKnownFileType = sourcecode.c.h; path = EMVideoMessageBody.h; sourceTree = "<group>"; };
		D3EBDF641DF568760096AC47 /* EMVoiceMessageBody.h */ = {isa = PBXFileReference; fileEncoding = 4; lastKnownFileType = sourcecode.c.h; path = EMVoiceMessageBody.h; sourceTree = "<group>"; };
		D3EBDF651DF568760096AC47 /* IEMCallManager.h */ = {isa = PBXFileReference; fileEncoding = 4; lastKnownFileType = sourcecode.c.h; path = IEMCallManager.h; sourceTree = "<group>"; };
		D3EBDF661DF568760096AC47 /* IEMChatManager.h */ = {isa = PBXFileReference; fileEncoding = 4; lastKnownFileType = sourcecode.c.h; path = IEMChatManager.h; sourceTree = "<group>"; };
		D3EBDF671DF568760096AC47 /* IEMChatroomManager.h */ = {isa = PBXFileReference; fileEncoding = 4; lastKnownFileType = sourcecode.c.h; path = IEMChatroomManager.h; sourceTree = "<group>"; };
		D3EBDF681DF568760096AC47 /* IEMContactManager.h */ = {isa = PBXFileReference; fileEncoding = 4; lastKnownFileType = sourcecode.c.h; path = IEMContactManager.h; sourceTree = "<group>"; };
		D3EBDF691DF568760096AC47 /* IEMGroupManager.h */ = {isa = PBXFileReference; fileEncoding = 4; lastKnownFileType = sourcecode.c.h; path = IEMGroupManager.h; sourceTree = "<group>"; };
		D3EBDF6B1DF568760096AC47 /* libHyphenateSDK.a */ = {isa = PBXFileReference; lastKnownFileType = archive.ar; path = libHyphenateSDK.a; sourceTree = "<group>"; };
		D3EBDFA91DF56C6F0096AC47 /* TencentOpenAPI.framework */ = {isa = PBXFileReference; lastKnownFileType = wrapper.framework; path = TencentOpenAPI.framework; sourceTree = "<group>"; };
		D3EBDFAA1DF56C6F0096AC47 /* TencentOpenApi_IOS_Bundle.bundle */ = {isa = PBXFileReference; lastKnownFileType = "wrapper.plug-in"; path = TencentOpenApi_IOS_Bundle.bundle; sourceTree = "<group>"; };
		D3EBDFAC1DF56C6F0096AC47 /* libWeiboSDK.a */ = {isa = PBXFileReference; lastKnownFileType = archive.ar; path = libWeiboSDK.a; sourceTree = "<group>"; };
		D3EBDFAD1DF56C6F0096AC47 /* WBHttpRequest+WeiboGame.h */ = {isa = PBXFileReference; fileEncoding = 4; lastKnownFileType = sourcecode.c.h; path = "WBHttpRequest+WeiboGame.h"; sourceTree = "<group>"; };
		D3EBDFAE1DF56C6F0096AC47 /* WBHttpRequest+WeiboShare.h */ = {isa = PBXFileReference; fileEncoding = 4; lastKnownFileType = sourcecode.c.h; path = "WBHttpRequest+WeiboShare.h"; sourceTree = "<group>"; };
		D3EBDFAF1DF56C6F0096AC47 /* WBHttpRequest+WeiboToken.h */ = {isa = PBXFileReference; fileEncoding = 4; lastKnownFileType = sourcecode.c.h; path = "WBHttpRequest+WeiboToken.h"; sourceTree = "<group>"; };
		D3EBDFB01DF56C6F0096AC47 /* WBHttpRequest+WeiboUser.h */ = {isa = PBXFileReference; fileEncoding = 4; lastKnownFileType = sourcecode.c.h; path = "WBHttpRequest+WeiboUser.h"; sourceTree = "<group>"; };
		D3EBDFB11DF56C6F0096AC47 /* WBHttpRequest.h */ = {isa = PBXFileReference; fileEncoding = 4; lastKnownFileType = sourcecode.c.h; path = WBHttpRequest.h; sourceTree = "<group>"; };
		D3EBDFB21DF56C6F0096AC47 /* WBSDKBasicButton.h */ = {isa = PBXFileReference; fileEncoding = 4; lastKnownFileType = sourcecode.c.h; path = WBSDKBasicButton.h; sourceTree = "<group>"; };
		D3EBDFB31DF56C6F0096AC47 /* WBSDKCommentButton.h */ = {isa = PBXFileReference; fileEncoding = 4; lastKnownFileType = sourcecode.c.h; path = WBSDKCommentButton.h; sourceTree = "<group>"; };
		D3EBDFB41DF56C6F0096AC47 /* WBSDKRelationshipButton.h */ = {isa = PBXFileReference; fileEncoding = 4; lastKnownFileType = sourcecode.c.h; path = WBSDKRelationshipButton.h; sourceTree = "<group>"; };
		D3EBDFB51DF56C6F0096AC47 /* WeiboSDK+Statistics.h */ = {isa = PBXFileReference; fileEncoding = 4; lastKnownFileType = sourcecode.c.h; path = "WeiboSDK+Statistics.h"; sourceTree = "<group>"; };
		D3EBDFB61DF56C6F0096AC47 /* WeiboSDK.bundle */ = {isa = PBXFileReference; lastKnownFileType = "wrapper.plug-in"; path = WeiboSDK.bundle; sourceTree = "<group>"; };
		D3EBDFB71DF56C6F0096AC47 /* WeiboSDK.h */ = {isa = PBXFileReference; fileEncoding = 4; lastKnownFileType = sourcecode.c.h; path = WeiboSDK.h; sourceTree = "<group>"; };
		D3EBDFB81DF56C6F0096AC47 /* WeiboUser.h */ = {isa = PBXFileReference; fileEncoding = 4; lastKnownFileType = sourcecode.c.h; path = WeiboUser.h; sourceTree = "<group>"; };
		D3EBDFBA1DF56C6F0096AC47 /* libWeChatSDK.a */ = {isa = PBXFileReference; lastKnownFileType = archive.ar; path = libWeChatSDK.a; sourceTree = "<group>"; };
		D3EBDFBB1DF56C6F0096AC47 /* read_me.txt */ = {isa = PBXFileReference; fileEncoding = 4; lastKnownFileType = text; path = read_me.txt; sourceTree = "<group>"; };
		D3EBDFBC1DF56C6F0096AC47 /* WechatAuthSDK.h */ = {isa = PBXFileReference; fileEncoding = 4; lastKnownFileType = sourcecode.c.h; path = WechatAuthSDK.h; sourceTree = "<group>"; };
		D3EBDFBD1DF56C6F0096AC47 /* WXApi.h */ = {isa = PBXFileReference; fileEncoding = 4; lastKnownFileType = sourcecode.c.h; path = WXApi.h; sourceTree = "<group>"; };
		D3EBDFBE1DF56C6F0096AC47 /* WXApiObject.h */ = {isa = PBXFileReference; fileEncoding = 4; lastKnownFileType = sourcecode.c.h; path = WXApiObject.h; sourceTree = "<group>"; };
		D3EBDFBF1DF56C6F0096AC47 /* MOBFoundation.framework */ = {isa = PBXFileReference; lastKnownFileType = wrapper.framework; path = MOBFoundation.framework; sourceTree = "<group>"; };
		D3EBDFC01DF56C6F0096AC47 /* ShareSDK.bundle */ = {isa = PBXFileReference; lastKnownFileType = "wrapper.plug-in"; path = ShareSDK.bundle; sourceTree = "<group>"; };
		D3EBDFC11DF56C6F0096AC47 /* ShareSDK.framework */ = {isa = PBXFileReference; lastKnownFileType = wrapper.framework; path = ShareSDK.framework; sourceTree = "<group>"; };
		D3EBDFC21DF56C6F0096AC47 /* ShareSDKConnector.framework */ = {isa = PBXFileReference; lastKnownFileType = wrapper.framework; path = ShareSDKConnector.framework; sourceTree = "<group>"; };
		D3EBDFC31DF56C6F0096AC47 /* ShareSDKExtension.framework */ = {isa = PBXFileReference; lastKnownFileType = wrapper.framework; path = ShareSDKExtension.framework; sourceTree = "<group>"; };
		D3EBDFC41DF56C6F0096AC47 /* ShareSDKUI.bundle */ = {isa = PBXFileReference; lastKnownFileType = "wrapper.plug-in"; path = ShareSDKUI.bundle; sourceTree = "<group>"; };
		D3EBDFC51DF56C6F0096AC47 /* ShareSDKUI.framework */ = {isa = PBXFileReference; lastKnownFileType = wrapper.framework; path = ShareSDKUI.framework; sourceTree = "<group>"; };
		D3EBDFD31DF56C8E0096AC47 /* AdSupport.framework */ = {isa = PBXFileReference; lastKnownFileType = wrapper.framework; name = AdSupport.framework; path = System/Library/Frameworks/AdSupport.framework; sourceTree = SDKROOT; };
/* End PBXFileReference section */

/* Begin PBXFrameworksBuildPhase section */
		D309EC041DF3BAA800E781F1 /* Frameworks */ = {
			isa = PBXFrameworksBuildPhase;
			buildActionMask = 2147483647;
			files = (
				D3EBDFD41DF56C8E0096AC47 /* AdSupport.framework in Frameworks */,
				D3EBDFCC1DF56C6F0096AC47 /* MOBFoundation.framework in Frameworks */,
				D3EBDF3C1DF567920096AC47 /* libstdc++.tbd in Frameworks */,
				D3EBDFD01DF56C6F0096AC47 /* ShareSDKExtension.framework in Frameworks */,
				D3EBDFD21DF56C6F0096AC47 /* ShareSDKUI.framework in Frameworks */,
				D3EBDFC61DF56C6F0096AC47 /* TencentOpenAPI.framework in Frameworks */,
				D3EBDFCF1DF56C6F0096AC47 /* ShareSDKConnector.framework in Frameworks */,
				D3EBDF3A1DF567840096AC47 /* libz.tbd in Frameworks */,
				D3EBDF381DF567760096AC47 /* libicucore.tbd in Frameworks */,
				D3EBDF421DF567BA0096AC47 /* libsqlite3.tbd in Frameworks */,
				D3EBDFCE1DF56C6F0096AC47 /* ShareSDK.framework in Frameworks */,
				D3EBDFCA1DF56C6F0096AC47 /* libWeChatSDK.a in Frameworks */,
				D3EBDFC81DF56C6F0096AC47 /* libWeiboSDK.a in Frameworks */,
				D3EBDF401DF567AC0096AC47 /* ImageIO.framework in Frameworks */,
				D3EBDF3E1DF5679B0096AC47 /* JavaScriptCore.framework in Frameworks */,
				A819AC026A3E592DCB5C4405 /* libPods-SleepNews.a in Frameworks */,
				D3EBDF6C1DF568760096AC47 /* libHyphenateSDK.a in Frameworks */,
			);
			runOnlyForDeploymentPostprocessing = 0;
		};
/* End PBXFrameworksBuildPhase section */

/* Begin PBXGroup section */
		7D1EFB3EF0DA46603B8C310A /* Pods */ = {
			isa = PBXGroup;
			children = (
				484B7B554202D1B0550C1847 /* Pods-SleepNews.debug.xcconfig */,
				A4AE1272616C2EBBCD9CB4FE /* Pods-SleepNews.release.xcconfig */,
			);
			name = Pods;
			sourceTree = "<group>";
		};
		C79488D0A4D9621B7A8E932C /* Frameworks */ = {
			isa = PBXGroup;
			children = (
				D3EBDFD31DF56C8E0096AC47 /* AdSupport.framework */,
				D3EBDF411DF567BA0096AC47 /* libsqlite3.tbd */,
				D3EBDF3F1DF567AC0096AC47 /* ImageIO.framework */,
				D3EBDF3D1DF5679B0096AC47 /* JavaScriptCore.framework */,
				D3EBDF3B1DF567920096AC47 /* libstdc++.tbd */,
				D3EBDF391DF567840096AC47 /* libz.tbd */,
				D3EBDF371DF567760096AC47 /* libicucore.tbd */,
				384A9E9E24D65494BCC5DF91 /* libPods-SleepNews.a */,
			);
			name = Frameworks;
			sourceTree = "<group>";
		};
		D30633081DF4326000929542 /* 聊天 */ = {
			isa = PBXGroup;
			children = (
			);
			path = "聊天";
			sourceTree = "<group>";
		};
		D309EBFE1DF3BAA800E781F1 = {
			isa = PBXGroup;
			children = (
				D309EC091DF3BAA800E781F1 /* SleepNews */,
				D309EC081DF3BAA800E781F1 /* Products */,
				7D1EFB3EF0DA46603B8C310A /* Pods */,
				C79488D0A4D9621B7A8E932C /* Frameworks */,
			);
			sourceTree = "<group>";
		};
		D309EC081DF3BAA800E781F1 /* Products */ = {
			isa = PBXGroup;
			children = (
				D309EC071DF3BAA800E781F1 /* SleepNews.app */,
			);
			name = Products;
			sourceTree = "<group>";
		};
		D309EC091DF3BAA800E781F1 /* SleepNews */ = {
			isa = PBXGroup;
			children = (
				D397D7561DF42ED700654798 /* Class */,
				D309EC101DF3BAA900E781F1 /* Assets.xcassets */,
				D309EC121DF3BAA900E781F1 /* LaunchScreen.storyboard */,
				D309EC151DF3BAA900E781F1 /* Info.plist */,
				D309EC0A1DF3BAA800E781F1 /* Supporting Files */,
			);
			path = SleepNews;
			sourceTree = "<group>";
		};
		D309EC0A1DF3BAA800E781F1 /* Supporting Files */ = {
			isa = PBXGroup;
			children = (
				D309EC0B1DF3BAA900E781F1 /* main.m */,
			);
			name = "Supporting Files";
			sourceTree = "<group>";
		};
		D366D93F1DF5618D004CCE07 /* Lib */ = {
			isa = PBXGroup;
			children = (
				D3EBDFA61DF56C6F0096AC47 /* libraries */,
				D3EBDF431DF568760096AC47 /* HyphenateSDK */,
				D366D9401DF561AB004CCE07 /* MBProgressHUD */,
			);
			path = Lib;
			sourceTree = "<group>";
		};
		D366D9401DF561AB004CCE07 /* MBProgressHUD */ = {
			isa = PBXGroup;
			children = (
				D366D9411DF561AB004CCE07 /* MBProgressHUD+Extion.h */,
				D366D9421DF561AB004CCE07 /* MBProgressHUD+Extion.m */,
				D366D9431DF561AB004CCE07 /* MBProgressHUD.bundle */,
				D366D9441DF561AB004CCE07 /* MBProgressHUD.h */,
				D366D9451DF561AB004CCE07 /* MBProgressHUD.m */,
			);
			path = MBProgressHUD;
			sourceTree = "<group>";
		};
		D397D7561DF42ED700654798 /* Class */ = {
			isa = PBXGroup;
			children = (
				D366D93F1DF5618D004CCE07 /* Lib */,
				D397D7571DF42ED700654798 /* CustomTools */,
				D397D7661DF42ED700654798 /* Main */,
				D397D7761DF42ED700654798 /* Me */,
				D397D77C1DF42ED700654798 /* News */,
				D397D7871DF42ED700654798 /* Photo */,
				D397D78D1DF42ED700654798 /* Supports */,
				D397D78F1DF42ED700654798 /* Video */,
			);
			path = Class;
			sourceTree = "<group>";
		};
		D397D7571DF42ED700654798 /* CustomTools */ = {
			isa = PBXGroup;
			children = (
				D397D7581DF42ED700654798 /* Category */,
				D397D75F1DF42ED700654798 /* DataBase */,
				D397D7601DF42ED700654798 /* 主题 */,
				D366D9491DF562F6004CCE07 /* ShareManager.h */,
				D366D94A1DF562F6004CCE07 /* ShareManager.m */,
			);
			path = CustomTools;
			sourceTree = "<group>";
		};
		D397D7581DF42ED700654798 /* Category */ = {
			isa = PBXGroup;
			children = (
				D30633301DF4336B00929542 /* UIView+Frame.h */,
				D30633311DF4336B00929542 /* UIView+Frame.m */,
				D397D7591DF42ED700654798 /* NSString+Extension.h */,
				D397D75A1DF42ED700654798 /* NSString+Extension.m */,
				D397D75B1DF42ED700654798 /* UIBarButtonItem+gyh.h */,
				D397D75C1DF42ED700654798 /* UIBarButtonItem+gyh.m */,
				D397D75D1DF42ED700654798 /* UIColor+Extension.h */,
				D397D75E1DF42ED700654798 /* UIColor+Extension.m */,
			);
			path = Category;
			sourceTree = "<group>";
		};
		D397D75F1DF42ED700654798 /* DataBase */ = {
			isa = PBXGroup;
			children = (
			);
			path = DataBase;
			sourceTree = "<group>";
		};
		D397D7601DF42ED700654798 /* 主题 */ = {
			isa = PBXGroup;
			children = (
				D397D7611DF42ED700654798 /* BaseSettingViewController.h */,
				D397D7621DF42ED700654798 /* BaseSettingViewController.m */,
				D397D7631DF42ED700654798 /* ThemeManager.h */,
				D397D7641DF42ED700654798 /* ThemeManager.m */,
			);
			path = "主题";
			sourceTree = "<group>";
		};
		D397D7661DF42ED700654798 /* Main */ = {
			isa = PBXGroup;
			children = (
				D397D7671DF42ED700654798 /* Controller */,
				D397D7701DF42ED700654798 /* Model */,
				D397D7731DF42ED700654798 /* View */,
			);
			path = Main;
			sourceTree = "<group>";
		};
		D397D7671DF42ED700654798 /* Controller */ = {
			isa = PBXGroup;
			children = (
				D397D7681DF42ED700654798 /* AppDelegate.h */,
				D397D7691DF42ED700654798 /* AppDelegate.m */,
				D397D76A1DF42ED700654798 /* BaseViewController.h */,
				D397D76B1DF42ED700654798 /* BaseViewController.m */,
				D397D76C1DF42ED700654798 /* NavigationController.h */,
				D397D76D1DF42ED700654798 /* NavigationController.m */,
				D397D76E1DF42ED700654798 /* TabbarViewController.h */,
				D397D76F1DF42ED700654798 /* TabbarViewController.m */,
			);
			path = Controller;
			sourceTree = "<group>";
		};
		D397D7701DF42ED700654798 /* Model */ = {
			isa = PBXGroup;
			children = (
				D397D7711DF42ED700654798 /* TabbarButton.h */,
				D397D7721DF42ED700654798 /* TabbarButton.m */,
			);
			path = Model;
			sourceTree = "<group>";
		};
		D397D7731DF42ED700654798 /* View */ = {
			isa = PBXGroup;
			children = (
				D397D7741DF42ED700654798 /* TabbarView.h */,
				D397D7751DF42ED700654798 /* TabbarView.m */,
			);
			path = View;
			sourceTree = "<group>";
		};
		D397D7761DF42ED700654798 /* Me */ = {
			isa = PBXGroup;
			children = (
				D397D7771DF42ED700654798 /* Controller */,
				D397D77A1DF42ED700654798 /* Model */,
				D397D77B1DF42ED700654798 /* View */,
			);
			path = Me;
			sourceTree = "<group>";
		};
		D397D7771DF42ED700654798 /* Controller */ = {
			isa = PBXGroup;
			children = (
				D397D7781DF42ED700654798 /* MeViewController.h */,
				D397D7791DF42ED700654798 /* MeViewController.m */,
			);
			path = Controller;
			sourceTree = "<group>";
		};
		D397D77A1DF42ED700654798 /* Model */ = {
			isa = PBXGroup;
			children = (
				D3C391401DF550D9003674CE /* SettingGroup.h */,
				D3C391411DF550D9003674CE /* SettingGroup.m */,
				D3C391421DF550D9003674CE /* SettingItem.h */,
				D3C391431DF550D9003674CE /* SettingItem.m */,
				D3C391461DF551A4003674CE /* SettingArrowItem.h */,
				D3C391471DF551A4003674CE /* SettingArrowItem.m */,
				D3C391481DF551A4003674CE /* SettingLabelItem.h */,
				D3C391491DF551A4003674CE /* SettingLabelItem.m */,
				D3C3914A1DF551A4003674CE /* SettingSwitchItem.h */,
				D3C3914B1DF551A4003674CE /* SettingSwitchItem.m */,
			);
			path = Model;
			sourceTree = "<group>";
		};
		D397D77B1DF42ED700654798 /* View */ = {
			isa = PBXGroup;
			children = (
				D30633081DF4326000929542 /* 聊天 */,
				D324698B1DF4421B00DA2919 /* SettingHeaderView.h */,
				D324698C1DF4421B00DA2919 /* SettingHeaderView.m */,
				D3C3914F1DF554FD003674CE /* SettingCell.h */,
				D3C391501DF554FD003674CE /* SettingCell.m */,
			);
			path = View;
			sourceTree = "<group>";
		};
		D397D77C1DF42ED700654798 /* News */ = {
			isa = PBXGroup;
			children = (
				D397D77D1DF42ED700654798 /* weather */,
				D397D7811DF42ED700654798 /* 首页 */,
			);
			path = News;
			sourceTree = "<group>";
		};
		D397D77D1DF42ED700654798 /* weather */ = {
			isa = PBXGroup;
			children = (
				D397D77E1DF42ED700654798 /* Controller */,
				D397D77F1DF42ED700654798 /* Model */,
				D397D7801DF42ED700654798 /* View */,
			);
			path = weather;
			sourceTree = "<group>";
		};
		D397D77E1DF42ED700654798 /* Controller */ = {
			isa = PBXGroup;
			children = (
			);
			path = Controller;
			sourceTree = "<group>";
		};
		D397D77F1DF42ED700654798 /* Model */ = {
			isa = PBXGroup;
			children = (
			);
			path = Model;
			sourceTree = "<group>";
		};
		D397D7801DF42ED700654798 /* View */ = {
			isa = PBXGroup;
			children = (
			);
			path = View;
			sourceTree = "<group>";
		};
		D397D7811DF42ED700654798 /* 首页 */ = {
			isa = PBXGroup;
			children = (
				D397D7821DF42ED700654798 /* Controller */,
				D397D7851DF42ED700654798 /* Model */,
				D397D7861DF42ED700654798 /* View */,
			);
			path = "首页";
			sourceTree = "<group>";
		};
		D397D7821DF42ED700654798 /* Controller */ = {
			isa = PBXGroup;
			children = (
				D397D7831DF42ED700654798 /* SCNavTabBarController.h */,
				D397D7841DF42ED700654798 /* SCNavTabBarController.m */,
			);
			path = Controller;
			sourceTree = "<group>";
		};
		D397D7851DF42ED700654798 /* Model */ = {
			isa = PBXGroup;
			children = (
			);
			path = Model;
			sourceTree = "<group>";
		};
		D397D7861DF42ED700654798 /* View */ = {
			isa = PBXGroup;
			children = (
			);
			path = View;
			sourceTree = "<group>";
		};
		D397D7871DF42ED700654798 /* Photo */ = {
			isa = PBXGroup;
			children = (
				D397D7881DF42ED700654798 /* Controller */,
				D397D78B1DF42ED700654798 /* Model */,
				D397D78C1DF42ED700654798 /* View */,
			);
			path = Photo;
			sourceTree = "<group>";
		};
		D397D7881DF42ED700654798 /* Controller */ = {
			isa = PBXGroup;
			children = (
				D397D7891DF42ED700654798 /* PhotoViewController.h */,
				D397D78A1DF42ED700654798 /* PhotoViewController.m */,
			);
			path = Controller;
			sourceTree = "<group>";
		};
		D397D78B1DF42ED700654798 /* Model */ = {
			isa = PBXGroup;
			children = (
			);
			path = Model;
			sourceTree = "<group>";
		};
		D397D78C1DF42ED700654798 /* View */ = {
			isa = PBXGroup;
			children = (
			);
			path = View;
			sourceTree = "<group>";
		};
		D397D78D1DF42ED700654798 /* Supports */ = {
			isa = PBXGroup;
			children = (
				D397D78E1DF42ED700654798 /* PrefixHeader.pch */,
			);
			path = Supports;
			sourceTree = "<group>";
		};
		D397D78F1DF42ED700654798 /* Video */ = {
			isa = PBXGroup;
			children = (
				D397D7901DF42ED700654798 /* Controller */,
				D397D7931DF42ED700654798 /* Model */,
				D397D7941DF42ED700654798 /* View */,
			);
			path = Video;
			sourceTree = "<group>";
		};
		D397D7901DF42ED700654798 /* Controller */ = {
			isa = PBXGroup;
			children = (
				D397D7911DF42ED700654798 /* VideoViewController.h */,
				D397D7921DF42ED700654798 /* VideoViewController.m */,
			);
			path = Controller;
			sourceTree = "<group>";
		};
		D397D7931DF42ED700654798 /* Model */ = {
			isa = PBXGroup;
			children = (
			);
			path = Model;
			sourceTree = "<group>";
		};
		D397D7941DF42ED700654798 /* View */ = {
			isa = PBXGroup;
			children = (
			);
			path = View;
			sourceTree = "<group>";
		};
		D3EBDF431DF568760096AC47 /* HyphenateSDK */ = {
			isa = PBXGroup;
			children = (
				D3EBDF441DF568760096AC47 /* include */,
				D3EBDF6A1DF568760096AC47 /* lib */,
			);
			path = HyphenateSDK;
			sourceTree = "<group>";
		};
		D3EBDF441DF568760096AC47 /* include */ = {
			isa = PBXGroup;
			children = (
				D3EBDF451DF568760096AC47 /* EMCallLocalView.h */,
				D3EBDF461DF568760096AC47 /* EMCallManagerDelegate.h */,
				D3EBDF471DF568760096AC47 /* EMCallRemoteView.h */,
				D3EBDF481DF568760096AC47 /* EMCallSession.h */,
				D3EBDF491DF568760096AC47 /* EMChatManagerDelegate.h */,
				D3EBDF4A1DF568760096AC47 /* EMChatroom.h */,
				D3EBDF4B1DF568760096AC47 /* EMChatroomManagerDelegate.h */,
				D3EBDF4C1DF568760096AC47 /* EMClient+Call.h */,
				D3EBDF4D1DF568760096AC47 /* EMClient.h */,
				D3EBDF4E1DF568760096AC47 /* EMClientDelegate.h */,
				D3EBDF4F1DF568760096AC47 /* EMCmdMessageBody.h */,
				D3EBDF501DF568760096AC47 /* EMContactManagerDelegate.h */,
				D3EBDF511DF568760096AC47 /* EMConversation.h */,
				D3EBDF521DF568760096AC47 /* EMCursorResult.h */,
				D3EBDF531DF568760096AC47 /* EMError.h */,
				D3EBDF541DF568760096AC47 /* EMErrorCode.h */,
				D3EBDF551DF568760096AC47 /* EMFileMessageBody.h */,
				D3EBDF561DF568760096AC47 /* EMGroup.h */,
				D3EBDF571DF568760096AC47 /* EMGroupManagerDelegate.h */,
				D3EBDF581DF568760096AC47 /* EMGroupOptions.h */,
				D3EBDF591DF568760096AC47 /* EMImageMessageBody.h */,
				D3EBDF5A1DF568760096AC47 /* EMLocationMessageBody.h */,
				D3EBDF5B1DF568760096AC47 /* EMMessage.h */,
				D3EBDF5C1DF568760096AC47 /* EMMessageBody.h */,
				D3EBDF5D1DF568760096AC47 /* EMOptions+PrivateDeploy.h */,
				D3EBDF5E1DF568760096AC47 /* EMOptions.h */,
				D3EBDF5F1DF568760096AC47 /* EMPushOptions.h */,
				D3EBDF601DF568760096AC47 /* EMSDK.h */,
				D3EBDF611DF568760096AC47 /* EMSDKFull.h */,
				D3EBDF621DF568760096AC47 /* EMTextMessageBody.h */,
				D3EBDF631DF568760096AC47 /* EMVideoMessageBody.h */,
				D3EBDF641DF568760096AC47 /* EMVoiceMessageBody.h */,
				D3EBDF651DF568760096AC47 /* IEMCallManager.h */,
				D3EBDF661DF568760096AC47 /* IEMChatManager.h */,
				D3EBDF671DF568760096AC47 /* IEMChatroomManager.h */,
				D3EBDF681DF568760096AC47 /* IEMContactManager.h */,
				D3EBDF691DF568760096AC47 /* IEMGroupManager.h */,
			);
			path = include;
			sourceTree = "<group>";
		};
		D3EBDF6A1DF568760096AC47 /* lib */ = {
			isa = PBXGroup;
			children = (
				D3EBDF6B1DF568760096AC47 /* libHyphenateSDK.a */,
			);
			path = lib;
			sourceTree = "<group>";
		};
		D3EBDFA61DF56C6F0096AC47 /* libraries */ = {
			isa = PBXGroup;
			children = (
				D3EBDFA71DF56C6F0096AC47 /* extends */,
				D3EBDFBF1DF56C6F0096AC47 /* MOBFoundation.framework */,
				D3EBDFC01DF56C6F0096AC47 /* ShareSDK.bundle */,
				D3EBDFC11DF56C6F0096AC47 /* ShareSDK.framework */,
				D3EBDFC21DF56C6F0096AC47 /* ShareSDKConnector.framework */,
				D3EBDFC31DF56C6F0096AC47 /* ShareSDKExtension.framework */,
				D3EBDFC41DF56C6F0096AC47 /* ShareSDKUI.bundle */,
				D3EBDFC51DF56C6F0096AC47 /* ShareSDKUI.framework */,
			);
			path = libraries;
			sourceTree = "<group>";
		};
		D3EBDFA71DF56C6F0096AC47 /* extends */ = {
			isa = PBXGroup;
			children = (
				D3EBDFA81DF56C6F0096AC47 /* QQSDK */,
				D3EBDFAB1DF56C6F0096AC47 /* SinaWeiboSDK */,
				D3EBDFB91DF56C6F0096AC47 /* WeChatSDK */,
			);
			path = extends;
			sourceTree = "<group>";
		};
		D3EBDFA81DF56C6F0096AC47 /* QQSDK */ = {
			isa = PBXGroup;
			children = (
				D3EBDFA91DF56C6F0096AC47 /* TencentOpenAPI.framework */,
				D3EBDFAA1DF56C6F0096AC47 /* TencentOpenApi_IOS_Bundle.bundle */,
			);
			path = QQSDK;
			sourceTree = "<group>";
		};
		D3EBDFAB1DF56C6F0096AC47 /* SinaWeiboSDK */ = {
			isa = PBXGroup;
			children = (
				D3EBDFAC1DF56C6F0096AC47 /* libWeiboSDK.a */,
				D3EBDFAD1DF56C6F0096AC47 /* WBHttpRequest+WeiboGame.h */,
				D3EBDFAE1DF56C6F0096AC47 /* WBHttpRequest+WeiboShare.h */,
				D3EBDFAF1DF56C6F0096AC47 /* WBHttpRequest+WeiboToken.h */,
				D3EBDFB01DF56C6F0096AC47 /* WBHttpRequest+WeiboUser.h */,
				D3EBDFB11DF56C6F0096AC47 /* WBHttpRequest.h */,
				D3EBDFB21DF56C6F0096AC47 /* WBSDKBasicButton.h */,
				D3EBDFB31DF56C6F0096AC47 /* WBSDKCommentButton.h */,
				D3EBDFB41DF56C6F0096AC47 /* WBSDKRelationshipButton.h */,
				D3EBDFB51DF56C6F0096AC47 /* WeiboSDK+Statistics.h */,
				D3EBDFB61DF56C6F0096AC47 /* WeiboSDK.bundle */,
				D3EBDFB71DF56C6F0096AC47 /* WeiboSDK.h */,
				D3EBDFB81DF56C6F0096AC47 /* WeiboUser.h */,
			);
			path = SinaWeiboSDK;
			sourceTree = "<group>";
		};
		D3EBDFB91DF56C6F0096AC47 /* WeChatSDK */ = {
			isa = PBXGroup;
			children = (
				D3EBDFBA1DF56C6F0096AC47 /* libWeChatSDK.a */,
				D3EBDFBB1DF56C6F0096AC47 /* read_me.txt */,
				D3EBDFBC1DF56C6F0096AC47 /* WechatAuthSDK.h */,
				D3EBDFBD1DF56C6F0096AC47 /* WXApi.h */,
				D3EBDFBE1DF56C6F0096AC47 /* WXApiObject.h */,
			);
			path = WeChatSDK;
			sourceTree = "<group>";
		};
/* End PBXGroup section */

/* Begin PBXNativeTarget section */
		D309EC061DF3BAA800E781F1 /* SleepNews */ = {
			isa = PBXNativeTarget;
			buildConfigurationList = D309EC181DF3BAA900E781F1 /* Build configuration list for PBXNativeTarget "SleepNews" */;
			buildPhases = (
				5102A5A2189AB72CBBD3CCD7 /* [CP] Check Pods Manifest.lock */,
				D309EC031DF3BAA800E781F1 /* Sources */,
				D309EC041DF3BAA800E781F1 /* Frameworks */,
				D309EC051DF3BAA800E781F1 /* Resources */,
				9CC96C5E749C28F8195BC56F /* [CP] Embed Pods Frameworks */,
				5F921C2784B297BE05181E8F /* [CP] Copy Pods Resources */,
			);
			buildRules = (
			);
			dependencies = (
			);
			name = SleepNews;
			productName = SleepNews;
			productReference = D309EC071DF3BAA800E781F1 /* SleepNews.app */;
			productType = "com.apple.product-type.application";
		};
/* End PBXNativeTarget section */

/* Begin PBXProject section */
		D309EBFF1DF3BAA800E781F1 /* Project object */ = {
			isa = PBXProject;
			attributes = {
				LastUpgradeCheck = 0730;
				ORGANIZATIONNAME = "Kavee DJ";
				TargetAttributes = {
					D309EC061DF3BAA800E781F1 = {
						CreatedOnToolsVersion = 7.3.1;
						DevelopmentTeam = QTW2G6ETNV;
					};
				};
			};
			buildConfigurationList = D309EC021DF3BAA800E781F1 /* Build configuration list for PBXProject "SleepNews" */;
			compatibilityVersion = "Xcode 3.2";
			developmentRegion = English;
			hasScannedForEncodings = 0;
			knownRegions = (
				en,
				Base,
			);
			mainGroup = D309EBFE1DF3BAA800E781F1;
			productRefGroup = D309EC081DF3BAA800E781F1 /* Products */;
			projectDirPath = "";
			projectRoot = "";
			targets = (
				D309EC061DF3BAA800E781F1 /* SleepNews */,
			);
		};
/* End PBXProject section */

/* Begin PBXResourcesBuildPhase section */
		D309EC051DF3BAA800E781F1 /* Resources */ = {
			isa = PBXResourcesBuildPhase;
			buildActionMask = 2147483647;
			files = (
				D3EBDFC71DF56C6F0096AC47 /* TencentOpenApi_IOS_Bundle.bundle in Resources */,
				D309EC111DF3BAA900E781F1 /* Assets.xcassets in Resources */,
				D3EBDFC91DF56C6F0096AC47 /* WeiboSDK.bundle in Resources */,
				D3EBDFCD1DF56C6F0096AC47 /* ShareSDK.bundle in Resources */,
				D3EBDFD11DF56C6F0096AC47 /* ShareSDKUI.bundle in Resources */,
				D309EC141DF3BAA900E781F1 /* LaunchScreen.storyboard in Resources */,
				D3EBDFCB1DF56C6F0096AC47 /* read_me.txt in Resources */,
				D366D9471DF561AB004CCE07 /* MBProgressHUD.bundle in Resources */,
			);
			runOnlyForDeploymentPostprocessing = 0;
		};
/* End PBXResourcesBuildPhase section */

/* Begin PBXShellScriptBuildPhase section */
		5102A5A2189AB72CBBD3CCD7 /* [CP] Check Pods Manifest.lock */ = {
			isa = PBXShellScriptBuildPhase;
			buildActionMask = 2147483647;
			files = (
			);
			inputPaths = (
			);
			name = "[CP] Check Pods Manifest.lock";
			outputPaths = (
			);
			runOnlyForDeploymentPostprocessing = 0;
			shellPath = /bin/sh;
			shellScript = "diff \"${PODS_ROOT}/../Podfile.lock\" \"${PODS_ROOT}/Manifest.lock\" > /dev/null\nif [[ $? != 0 ]] ; then\n    cat << EOM\nerror: The sandbox is not in sync with the Podfile.lock. Run 'pod install' or update your CocoaPods installation.\nEOM\n    exit 1\nfi\n";
			showEnvVarsInLog = 0;
		};
		5F921C2784B297BE05181E8F /* [CP] Copy Pods Resources */ = {
			isa = PBXShellScriptBuildPhase;
			buildActionMask = 2147483647;
			files = (
			);
			inputPaths = (
			);
			name = "[CP] Copy Pods Resources";
			outputPaths = (
			);
			runOnlyForDeploymentPostprocessing = 0;
			shellPath = /bin/sh;
			shellScript = "\"${SRCROOT}/Pods/Target Support Files/Pods-SleepNews/Pods-SleepNews-resources.sh\"\n";
			showEnvVarsInLog = 0;
		};
		9CC96C5E749C28F8195BC56F /* [CP] Embed Pods Frameworks */ = {
			isa = PBXShellScriptBuildPhase;
			buildActionMask = 2147483647;
			files = (
			);
			inputPaths = (
			);
			name = "[CP] Embed Pods Frameworks";
			outputPaths = (
			);
			runOnlyForDeploymentPostprocessing = 0;
			shellPath = /bin/sh;
			shellScript = "\"${SRCROOT}/Pods/Target Support Files/Pods-SleepNews/Pods-SleepNews-frameworks.sh\"\n";
			showEnvVarsInLog = 0;
		};
/* End PBXShellScriptBuildPhase section */

/* Begin PBXSourcesBuildPhase section */
		D309EC031DF3BAA800E781F1 /* Sources */ = {
			isa = PBXSourcesBuildPhase;
			buildActionMask = 2147483647;
			files = (
				D3C3914D1DF551A4003674CE /* SettingLabelItem.m in Sources */,
				D397D79D1DF42ED700654798 /* TabbarViewController.m in Sources */,
				D309EC0C1DF3BAA900E781F1 /* main.m in Sources */,
				D30633321DF4336B00929542 /* UIView+Frame.m in Sources */,
				D3C3914C1DF551A4003674CE /* SettingArrowItem.m in Sources */,
				D397D79B1DF42ED700654798 /* BaseViewController.m in Sources */,
				D397D7A11DF42ED700654798 /* SCNavTabBarController.m in Sources */,
				D366D9461DF561AB004CCE07 /* MBProgressHUD+Extion.m in Sources */,
				D397D79E1DF42ED700654798 /* TabbarButton.m in Sources */,
				D366D9481DF561AB004CCE07 /* MBProgressHUD.m in Sources */,
				D397D7961DF42ED700654798 /* UIBarButtonItem+gyh.m in Sources */,
				D397D7A31DF42ED700654798 /* VideoViewController.m in Sources */,
				D3C391441DF550D9003674CE /* SettingGroup.m in Sources */,
				D397D79C1DF42ED700654798 /* NavigationController.m in Sources */,
				D3C3914E1DF551A4003674CE /* SettingSwitchItem.m in Sources */,
				D397D79F1DF42ED700654798 /* TabbarView.m in Sources */,
				D3C391511DF554FD003674CE /* SettingCell.m in Sources */,
				D324698D1DF4421B00DA2919 /* SettingHeaderView.m in Sources */,
				D397D7981DF42ED700654798 /* BaseSettingViewController.m in Sources */,
				D397D7A21DF42ED700654798 /* PhotoViewController.m in Sources */,
				D397D7951DF42ED700654798 /* NSString+Extension.m in Sources */,
				D397D7A01DF42ED700654798 /* MeViewController.m in Sources */,
				D366D94B1DF562F6004CCE07 /* ShareManager.m in Sources */,
				D397D7971DF42ED700654798 /* UIColor+Extension.m in Sources */,
				D3C391451DF550D9003674CE /* SettingItem.m in Sources */,
				D397D7991DF42ED700654798 /* ThemeManager.m in Sources */,
				D397D79A1DF42ED700654798 /* AppDelegate.m in Sources */,
			);
			runOnlyForDeploymentPostprocessing = 0;
		};
/* End PBXSourcesBuildPhase section */

/* Begin PBXVariantGroup section */
		D309EC121DF3BAA900E781F1 /* LaunchScreen.storyboard */ = {
			isa = PBXVariantGroup;
			children = (
				D309EC131DF3BAA900E781F1 /* Base */,
			);
			name = LaunchScreen.storyboard;
			sourceTree = "<group>";
		};
/* End PBXVariantGroup section */

/* Begin XCBuildConfiguration section */
		D309EC161DF3BAA900E781F1 /* Debug */ = {
			isa = XCBuildConfiguration;
			buildSettings = {
				ALWAYS_SEARCH_USER_PATHS = NO;
				CLANG_ANALYZER_NONNULL = YES;
				CLANG_CXX_LANGUAGE_STANDARD = "gnu++0x";
				CLANG_CXX_LIBRARY = "libc++";
				CLANG_ENABLE_MODULES = YES;
				CLANG_ENABLE_OBJC_ARC = YES;
				CLANG_WARN_BOOL_CONVERSION = YES;
				CLANG_WARN_CONSTANT_CONVERSION = YES;
				CLANG_WARN_DIRECT_OBJC_ISA_USAGE = YES_ERROR;
				CLANG_WARN_EMPTY_BODY = YES;
				CLANG_WARN_ENUM_CONVERSION = YES;
				CLANG_WARN_INT_CONVERSION = YES;
				CLANG_WARN_OBJC_ROOT_CLASS = YES_ERROR;
				CLANG_WARN_UNREACHABLE_CODE = YES;
				CLANG_WARN__DUPLICATE_METHOD_MATCH = YES;
				"CODE_SIGN_IDENTITY[sdk=iphoneos*]" = "iPhone Developer";
				COPY_PHASE_STRIP = NO;
				DEBUG_INFORMATION_FORMAT = dwarf;
				ENABLE_STRICT_OBJC_MSGSEND = YES;
				ENABLE_TESTABILITY = YES;
				GCC_C_LANGUAGE_STANDARD = gnu99;
				GCC_DYNAMIC_NO_PIC = NO;
				GCC_NO_COMMON_BLOCKS = YES;
				GCC_OPTIMIZATION_LEVEL = 0;
				GCC_PREPROCESSOR_DEFINITIONS = (
					"DEBUG=1",
					"$(inherited)",
				);
				GCC_WARN_64_TO_32_BIT_CONVERSION = YES;
				GCC_WARN_ABOUT_RETURN_TYPE = YES_ERROR;
				GCC_WARN_UNDECLARED_SELECTOR = YES;
				GCC_WARN_UNINITIALIZED_AUTOS = YES_AGGRESSIVE;
				GCC_WARN_UNUSED_FUNCTION = YES;
				GCC_WARN_UNUSED_VARIABLE = YES;
				IPHONEOS_DEPLOYMENT_TARGET = 9.3;
				MTL_ENABLE_DEBUG_INFO = YES;
				ONLY_ACTIVE_ARCH = YES;
				SDKROOT = iphoneos;
			};
			name = Debug;
		};
		D309EC171DF3BAA900E781F1 /* Release */ = {
			isa = XCBuildConfiguration;
			buildSettings = {
				ALWAYS_SEARCH_USER_PATHS = NO;
				CLANG_ANALYZER_NONNULL = YES;
				CLANG_CXX_LANGUAGE_STANDARD = "gnu++0x";
				CLANG_CXX_LIBRARY = "libc++";
				CLANG_ENABLE_MODULES = YES;
				CLANG_ENABLE_OBJC_ARC = YES;
				CLANG_WARN_BOOL_CONVERSION = YES;
				CLANG_WARN_CONSTANT_CONVERSION = YES;
				CLANG_WARN_DIRECT_OBJC_ISA_USAGE = YES_ERROR;
				CLANG_WARN_EMPTY_BODY = YES;
				CLANG_WARN_ENUM_CONVERSION = YES;
				CLANG_WARN_INT_CONVERSION = YES;
				CLANG_WARN_OBJC_ROOT_CLASS = YES_ERROR;
				CLANG_WARN_UNREACHABLE_CODE = YES;
				CLANG_WARN__DUPLICATE_METHOD_MATCH = YES;
				"CODE_SIGN_IDENTITY[sdk=iphoneos*]" = "iPhone Developer";
				COPY_PHASE_STRIP = NO;
				DEBUG_INFORMATION_FORMAT = "dwarf-with-dsym";
				ENABLE_NS_ASSERTIONS = NO;
				ENABLE_STRICT_OBJC_MSGSEND = YES;
				GCC_C_LANGUAGE_STANDARD = gnu99;
				GCC_NO_COMMON_BLOCKS = YES;
				GCC_WARN_64_TO_32_BIT_CONVERSION = YES;
				GCC_WARN_ABOUT_RETURN_TYPE = YES_ERROR;
				GCC_WARN_UNDECLARED_SELECTOR = YES;
				GCC_WARN_UNINITIALIZED_AUTOS = YES_AGGRESSIVE;
				GCC_WARN_UNUSED_FUNCTION = YES;
				GCC_WARN_UNUSED_VARIABLE = YES;
				IPHONEOS_DEPLOYMENT_TARGET = 9.3;
				MTL_ENABLE_DEBUG_INFO = NO;
				SDKROOT = iphoneos;
				VALIDATE_PRODUCT = YES;
			};
			name = Release;
		};
		D309EC191DF3BAA900E781F1 /* Debug */ = {
			isa = XCBuildConfiguration;
			baseConfigurationReference = 484B7B554202D1B0550C1847 /* Pods-SleepNews.debug.xcconfig */;
			buildSettings = {
				ASSETCATALOG_COMPILER_APPICON_NAME = AppIcon;
				ASSETCATALOG_COMPILER_LAUNCHIMAGE_NAME = "Brand Assets";
				CODE_SIGN_IDENTITY = "iPhone Developer";
				FRAMEWORK_SEARCH_PATHS = (
					"$(inherited)",
					"$(PROJECT_DIR)/SleepNews/Class/Lib/libraries/extends/QQSDK",
					"$(PROJECT_DIR)/SleepNews/Class/Lib/libraries",
					"$(PROJECT_DIR)/SleepNews/Class/Lib/ShareSDK",
					"$(PROJECT_DIR)/SleepNews/Class/Lib/ShareSDK/Support/Optional",
					"$(PROJECT_DIR)/SleepNews/Class/Lib/ShareSDK/Support/PlatformConnector",
					"$(PROJECT_DIR)/SleepNews/Class/Lib/ShareSDK/Support/PlatformSDK/QQSDK",
					"$(PROJECT_DIR)/SleepNews/Class/Lib/ShareSDK/Support/Required",
				);
				GCC_PREFIX_HEADER = /Users/Julia2009/Documents/GithubClone/SleepNews/SleepNews/SleepNews/Class/Supports/PrefixHeader.pch;
				INFOPLIST_FILE = SleepNews/Info.plist;
				IPHONEOS_DEPLOYMENT_TARGET = 9.0;
				LD_RUNPATH_SEARCH_PATHS = "$(inherited) @executable_path/Frameworks";
				LIBRARY_SEARCH_PATHS = (
					"$(inherited)",
					"$(PROJECT_DIR)/SleepNews/Class/Lib/HyphenateSDK/lib",
					"$(PROJECT_DIR)/SleepNews/Class/Lib/libraries/extends/SinaWeiboSDK",
					"$(PROJECT_DIR)/SleepNews/Class/Lib/libraries/extends/WeChatSDK",
					"$(PROJECT_DIR)/SleepNews/Class/Lib/ShareSDK/Support/PlatformSDK/SinaWeiboSDK",
					"$(PROJECT_DIR)/SleepNews/Class/Lib/ShareSDK/Support/PlatformSDK/WeChatSDK",
				);
				OTHER_LDFLAGS = (
					"$(inherited)",
					"-ObjC",
					"-l\"AFNetworking\"",
					"-l\"MJExtension\"",
					"-l\"SDWebImage\"",
					"-framework",
					"\"CoreGraphics\"",
					"-framework",
					"\"ImageIO\"",
					"-framework",
					"\"MobileCoreServices\"",
					"-framework",
					"\"Security\"",
					"-framework",
					"\"SystemConfiguration\"",
					"-lxml2",
				);
				PRODUCT_BUNDLE_IDENTIFIER = com.kavee.SleepNews;
				PRODUCT_NAME = "$(TARGET_NAME)";
			};
			name = Debug;
		};
		D309EC1A1DF3BAA900E781F1 /* Release */ = {
			isa = XCBuildConfiguration;
			baseConfigurationReference = A4AE1272616C2EBBCD9CB4FE /* Pods-SleepNews.release.xcconfig */;
			buildSettings = {
				ASSETCATALOG_COMPILER_APPICON_NAME = AppIcon;
				ASSETCATALOG_COMPILER_LAUNCHIMAGE_NAME = "Brand Assets";
				CODE_SIGN_IDENTITY = "iPhone Developer";
				FRAMEWORK_SEARCH_PATHS = (
					"$(inherited)",
					"$(PROJECT_DIR)/SleepNews/Class/Lib/libraries/extends/QQSDK",
					"$(PROJECT_DIR)/SleepNews/Class/Lib/libraries",
					"$(PROJECT_DIR)/SleepNews/Class/Lib/ShareSDK",
					"$(PROJECT_DIR)/SleepNews/Class/Lib/ShareSDK/Support/Optional",
					"$(PROJECT_DIR)/SleepNews/Class/Lib/ShareSDK/Support/PlatformConnector",
					"$(PROJECT_DIR)/SleepNews/Class/Lib/ShareSDK/Support/PlatformSDK/QQSDK",
					"$(PROJECT_DIR)/SleepNews/Class/Lib/ShareSDK/Support/Required",
				);
				GCC_PREFIX_HEADER = /Users/Julia2009/Documents/GithubClone/SleepNews/SleepNews/SleepNews/Class/Supports/PrefixHeader.pch;
				INFOPLIST_FILE = SleepNews/Info.plist;
				IPHONEOS_DEPLOYMENT_TARGET = 9.0;
				LD_RUNPATH_SEARCH_PATHS = "$(inherited) @executable_path/Frameworks";
				LIBRARY_SEARCH_PATHS = (
					"$(inherited)",
					"$(PROJECT_DIR)/SleepNews/Class/Lib/HyphenateSDK/lib",
					"$(PROJECT_DIR)/SleepNews/Class/Lib/libraries/extends/SinaWeiboSDK",
					"$(PROJECT_DIR)/SleepNews/Class/Lib/libraries/extends/WeChatSDK",
					"$(PROJECT_DIR)/SleepNews/Class/Lib/ShareSDK/Support/PlatformSDK/SinaWeiboSDK",
					"$(PROJECT_DIR)/SleepNews/Class/Lib/ShareSDK/Support/PlatformSDK/WeChatSDK",
				);
				OTHER_LDFLAGS = (
					"$(inherited)",
					"-ObjC",
					"-l\"AFNetworking\"",
					"-l\"MJExtension\"",
					"-l\"SDWebImage\"",
					"-framework",
					"\"CoreGraphics\"",
					"-framework",
					"\"ImageIO\"",
					"-framework",
					"\"MobileCoreServices\"",
					"-framework",
					"\"Security\"",
					"-framework",
					"\"SystemConfiguration\"",
					"-lxml2",
				);
				PRODUCT_BUNDLE_IDENTIFIER = com.kavee.SleepNews;
				PRODUCT_NAME = "$(TARGET_NAME)";
			};
			name = Release;
		};
/* End XCBuildConfiguration section */

/* Begin XCConfigurationList section */
		D309EC021DF3BAA800E781F1 /* Build configuration list for PBXProject "SleepNews" */ = {
			isa = XCConfigurationList;
			buildConfigurations = (
				D309EC161DF3BAA900E781F1 /* Debug */,
				D309EC171DF3BAA900E781F1 /* Release */,
			);
			defaultConfigurationIsVisible = 0;
			defaultConfigurationName = Release;
		};
		D309EC181DF3BAA900E781F1 /* Build configuration list for PBXNativeTarget "SleepNews" */ = {
			isa = XCConfigurationList;
			buildConfigurations = (
				D309EC191DF3BAA900E781F1 /* Debug */,
				D309EC1A1DF3BAA900E781F1 /* Release */,
			);
			defaultConfigurationIsVisible = 0;
			defaultConfigurationName = Release;
		};
/* End XCConfigurationList section */
	};
	rootObject = D309EBFF1DF3BAA800E781F1 /* Project object */;
}
